
Microsoft Visual Studio Solution File, Format Version 12.00
#
Project("{FAE04EC0-301F-11D3-BF4B-00C04F79EFBC}") = "Raft.Core", "src\Raft.Core\Raft.Core.csproj", "{2CB3FA98-2C71-4232-A15A-F8728ECA22DE}"
EndProject
Project("{2150E333-8FDC-42A3-9474-1A3956D46DE8}") = "src", "src", "{956F79F9-E3EA-4896-9465-D0A066810939}"
EndProject
Project("{FAE04EC0-301F-11D3-BF4B-00C04F79EFBC}") = "Raft.Host", "src\Raft.Host\Raft.Host.csproj", "{0963B434-4266-4337-A3B9-0FA78CECDD66}"
EndProject
Project("{FAE04EC0-301F-11D3-BF4B-00C04F79EFBC}") = "Raft.Timers", "src\Raft.Timers\Raft.Timers.csproj", "{67DDA0CE-2539-41E7-A863-DD9154A78979}"
EndProject
Project("{FAE04EC0-301F-11D3-BF4B-00C04F79EFBC}") = "Raft.Peer", "src\Raft.Peer\Raft.Peer.csproj", "{D5AE3690-FDE3-4B19-B809-13785CACDDEE}"
EndProject
Project("{2150E333-8FDC-42A3-9474-1A3956D46DE8}") = "tests", "tests", "{750A408B-D4A3-45F8-8D6D-C172679EFF32}"
EndProject
Project("{FAE04EC0-301F-11D3-BF4B-00C04F79EFBC}") = "Raft.Core.Tests", "tests\Raft.Core.Tests\Raft.Core.Tests.csproj", "{203C0F0F-D20E-44A5-A90E-B0A46EB2C27F}"
EndProject
Project("{FAE04EC0-301F-11D3-BF4B-00C04F79EFBC}") = "Raft.JobQueue", "src\Raft.JobQueue\Raft.JobQueue.csproj", "{36D35B57-0F96-4169-B01C-B1D7A200A7A2}"
EndProject
Project("{2150E333-8FDC-42A3-9474-1A3956D46DE8}") = "Solution Items", "Solution Items", "{085D4247-AF0E-498F-97C7-410383D6FFD8}"
	ProjectSection(SolutionItems) = preProject
		docker-compose.yml = docker-compose.yml
	EndProjectSection
EndProject
Project("{FAE04EC0-301F-11D3-BF4B-00C04F79EFBC}") = "Raft.CommandQueue.Channel.Tests", "tests\Raft.CommandQueue.Channel.Tests\Raft.CommandQueue.Channel.Tests.csproj", "{18AA4097-F859-4851-A265-E431D69FD6E8}"
EndProject
Project("{2150E333-8FDC-42A3-9474-1A3956D46DE8}") = "Raft.CommandQueue", "Raft.CommandQueue", "{B65A1698-0539-495B-95CA-4F36E217144F}"
EndProject
Project("{FAE04EC0-301F-11D3-BF4B-00C04F79EFBC}") = "Raft.CommandQueue.Channel", "src\Raft.CommandQueue\Raft.CommandQueue.Channel\Raft.CommandQueue.Channel.csproj", "{37F4ECFA-F7CF-444A-BF5D-F693B802E7AA}"
EndProject
Project("{FAE04EC0-301F-11D3-BF4B-00C04F79EFBC}") = "Raft.CommandQueue", "src\Raft.CommandQueue\Raft.CommandQueue\Raft.CommandQueue.csproj", "{2F368187-1310-44C2-A5FE-A75F005A9E69}"
EndProject
Project("{FAE04EC0-301F-11D3-BF4B-00C04F79EFBC}") = "Raft.CommandQueue.Semaphore", "src\Raft.CommandQueue\Raft.CommandQueue.Semaphore\Raft.CommandQueue.Semaphore.csproj", "{3674BBDC-8FD5-410B-B19C-26204BF258DB}"
EndProject
Project("{FAE04EC0-301F-11D3-BF4B-00C04F79EFBC}") = "Raft.Network", "src\Raft.Network\Raft.Network.csproj", "{B73B1485-8ED6-49E2-B9B8-564A5624292E}"
EndProject
Project("{FAE04EC0-301F-11D3-BF4B-00C04F79EFBC}") = "Raft.Peer.Tests", "tests\Raft.Peer.Tests\Raft.Peer.Tests.csproj", "{26303C4D-3C0A-4291-82E5-3053131A65BA}"
EndProject
Project("{FAE04EC0-301F-11D3-BF4B-00C04F79EFBC}") = "Raft.Storage.InMemory.Tests", "tests\Raft.Storage.InMemory.Tests\Raft.Storage.InMemory.Tests.csproj", "{C5190D2A-FDFF-496C-A4F7-F5615CC69316}"
EndProject
Project("{FAE04EC0-301F-11D3-BF4B-00C04F79EFBC}") = "Raft.Storage.InMemory", "src\Raft.Storage.InMemory\Raft.Storage.InMemory.csproj", "{22AD81E5-89A3-4EFA-BD77-4C059670E074}"
EndProject
Global
	GlobalSection(SolutionConfigurationPlatforms) = preSolution
		Debug|Any CPU = Debug|Any CPU
		Debug|x64 = Debug|x64
		Debug|x86 = Debug|x86
		Release|Any CPU = Release|Any CPU
		Release|x64 = Release|x64
		Release|x86 = Release|x86
	EndGlobalSection
	GlobalSection(ProjectConfigurationPlatforms) = postSolution
		{2CB3FA98-2C71-4232-A15A-F8728ECA22DE}.Debug|Any CPU.ActiveCfg = Debug|Any CPU
		{2CB3FA98-2C71-4232-A15A-F8728ECA22DE}.Debug|Any CPU.Build.0 = Debug|Any CPU
		{2CB3FA98-2C71-4232-A15A-F8728ECA22DE}.Debug|x64.ActiveCfg = Debug|Any CPU
		{2CB3FA98-2C71-4232-A15A-F8728ECA22DE}.Debug|x64.Build.0 = Debug|Any CPU
		{2CB3FA98-2C71-4232-A15A-F8728ECA22DE}.Debug|x86.ActiveCfg = Debug|Any CPU
		{2CB3FA98-2C71-4232-A15A-F8728ECA22DE}.Debug|x86.Build.0 = Debug|Any CPU
		{2CB3FA98-2C71-4232-A15A-F8728ECA22DE}.Release|Any CPU.ActiveCfg = Release|Any CPU
		{2CB3FA98-2C71-4232-A15A-F8728ECA22DE}.Release|Any CPU.Build.0 = Release|Any CPU
		{2CB3FA98-2C71-4232-A15A-F8728ECA22DE}.Release|x64.ActiveCfg = Release|Any CPU
		{2CB3FA98-2C71-4232-A15A-F8728ECA22DE}.Release|x64.Build.0 = Release|Any CPU
		{2CB3FA98-2C71-4232-A15A-F8728ECA22DE}.Release|x86.ActiveCfg = Release|Any CPU
		{2CB3FA98-2C71-4232-A15A-F8728ECA22DE}.Release|x86.Build.0 = Release|Any CPU
		{0963B434-4266-4337-A3B9-0FA78CECDD66}.Debug|Any CPU.ActiveCfg = Debug|Any CPU
		{0963B434-4266-4337-A3B9-0FA78CECDD66}.Debug|Any CPU.Build.0 = Debug|Any CPU
		{0963B434-4266-4337-A3B9-0FA78CECDD66}.Debug|x64.ActiveCfg = Debug|Any CPU
		{0963B434-4266-4337-A3B9-0FA78CECDD66}.Debug|x64.Build.0 = Debug|Any CPU
		{0963B434-4266-4337-A3B9-0FA78CECDD66}.Debug|x86.ActiveCfg = Debug|Any CPU
		{0963B434-4266-4337-A3B9-0FA78CECDD66}.Debug|x86.Build.0 = Debug|Any CPU
		{0963B434-4266-4337-A3B9-0FA78CECDD66}.Release|Any CPU.ActiveCfg = Release|Any CPU
		{0963B434-4266-4337-A3B9-0FA78CECDD66}.Release|Any CPU.Build.0 = Release|Any CPU
		{0963B434-4266-4337-A3B9-0FA78CECDD66}.Release|x64.ActiveCfg = Release|Any CPU
		{0963B434-4266-4337-A3B9-0FA78CECDD66}.Release|x64.Build.0 = Release|Any CPU
		{0963B434-4266-4337-A3B9-0FA78CECDD66}.Release|x86.ActiveCfg = Release|Any CPU
		{0963B434-4266-4337-A3B9-0FA78CECDD66}.Release|x86.Build.0 = Release|Any CPU
		{67DDA0CE-2539-41E7-A863-DD9154A78979}.Debug|Any CPU.ActiveCfg = Debug|Any CPU
		{67DDA0CE-2539-41E7-A863-DD9154A78979}.Debug|Any CPU.Build.0 = Debug|Any CPU
		{67DDA0CE-2539-41E7-A863-DD9154A78979}.Debug|x64.ActiveCfg = Debug|Any CPU
		{67DDA0CE-2539-41E7-A863-DD9154A78979}.Debug|x64.Build.0 = Debug|Any CPU
		{67DDA0CE-2539-41E7-A863-DD9154A78979}.Debug|x86.ActiveCfg = Debug|Any CPU
		{67DDA0CE-2539-41E7-A863-DD9154A78979}.Debug|x86.Build.0 = Debug|Any CPU
		{67DDA0CE-2539-41E7-A863-DD9154A78979}.Release|Any CPU.ActiveCfg = Release|Any CPU
		{67DDA0CE-2539-41E7-A863-DD9154A78979}.Release|Any CPU.Build.0 = Release|Any CPU
		{67DDA0CE-2539-41E7-A863-DD9154A78979}.Release|x64.ActiveCfg = Release|Any CPU
		{67DDA0CE-2539-41E7-A863-DD9154A78979}.Release|x64.Build.0 = Release|Any CPU
		{67DDA0CE-2539-41E7-A863-DD9154A78979}.Release|x86.ActiveCfg = Release|Any CPU
		{67DDA0CE-2539-41E7-A863-DD9154A78979}.Release|x86.Build.0 = Release|Any CPU
		{D5AE3690-FDE3-4B19-B809-13785CACDDEE}.Debug|Any CPU.ActiveCfg = Debug|Any CPU
		{D5AE3690-FDE3-4B19-B809-13785CACDDEE}.Debug|Any CPU.Build.0 = Debug|Any CPU
		{D5AE3690-FDE3-4B19-B809-13785CACDDEE}.Debug|x64.ActiveCfg = Debug|Any CPU
		{D5AE3690-FDE3-4B19-B809-13785CACDDEE}.Debug|x64.Build.0 = Debug|Any CPU
		{D5AE3690-FDE3-4B19-B809-13785CACDDEE}.Debug|x86.ActiveCfg = Debug|Any CPU
		{D5AE3690-FDE3-4B19-B809-13785CACDDEE}.Debug|x86.Build.0 = Debug|Any CPU
		{D5AE3690-FDE3-4B19-B809-13785CACDDEE}.Release|Any CPU.ActiveCfg = Release|Any CPU
		{D5AE3690-FDE3-4B19-B809-13785CACDDEE}.Release|Any CPU.Build.0 = Release|Any CPU
		{D5AE3690-FDE3-4B19-B809-13785CACDDEE}.Release|x64.ActiveCfg = Release|Any CPU
		{D5AE3690-FDE3-4B19-B809-13785CACDDEE}.Release|x64.Build.0 = Release|Any CPU
		{D5AE3690-FDE3-4B19-B809-13785CACDDEE}.Release|x86.ActiveCfg = Release|Any CPU
		{D5AE3690-FDE3-4B19-B809-13785CACDDEE}.Release|x86.Build.0 = Release|Any CPU
		{203C0F0F-D20E-44A5-A90E-B0A46EB2C27F}.Debug|Any CPU.ActiveCfg = Debug|Any CPU
		{203C0F0F-D20E-44A5-A90E-B0A46EB2C27F}.Debug|Any CPU.Build.0 = Debug|Any CPU
		{203C0F0F-D20E-44A5-A90E-B0A46EB2C27F}.Debug|x64.ActiveCfg = Debug|Any CPU
		{203C0F0F-D20E-44A5-A90E-B0A46EB2C27F}.Debug|x64.Build.0 = Debug|Any CPU
		{203C0F0F-D20E-44A5-A90E-B0A46EB2C27F}.Debug|x86.ActiveCfg = Debug|Any CPU
		{203C0F0F-D20E-44A5-A90E-B0A46EB2C27F}.Debug|x86.Build.0 = Debug|Any CPU
		{203C0F0F-D20E-44A5-A90E-B0A46EB2C27F}.Release|Any CPU.ActiveCfg = Release|Any CPU
		{203C0F0F-D20E-44A5-A90E-B0A46EB2C27F}.Release|Any CPU.Build.0 = Release|Any CPU
		{203C0F0F-D20E-44A5-A90E-B0A46EB2C27F}.Release|x64.ActiveCfg = Release|Any CPU
		{203C0F0F-D20E-44A5-A90E-B0A46EB2C27F}.Release|x64.Build.0 = Release|Any CPU
		{203C0F0F-D20E-44A5-A90E-B0A46EB2C27F}.Release|x86.ActiveCfg = Release|Any CPU
		{203C0F0F-D20E-44A5-A90E-B0A46EB2C27F}.Release|x86.Build.0 = Release|Any CPU
		{36D35B57-0F96-4169-B01C-B1D7A200A7A2}.Debug|Any CPU.ActiveCfg = Debug|Any CPU
		{36D35B57-0F96-4169-B01C-B1D7A200A7A2}.Debug|Any CPU.Build.0 = Debug|Any CPU
		{36D35B57-0F96-4169-B01C-B1D7A200A7A2}.Debug|x64.ActiveCfg = Debug|Any CPU
		{36D35B57-0F96-4169-B01C-B1D7A200A7A2}.Debug|x64.Build.0 = Debug|Any CPU
		{36D35B57-0F96-4169-B01C-B1D7A200A7A2}.Debug|x86.ActiveCfg = Debug|Any CPU
		{36D35B57-0F96-4169-B01C-B1D7A200A7A2}.Debug|x86.Build.0 = Debug|Any CPU
		{36D35B57-0F96-4169-B01C-B1D7A200A7A2}.Release|Any CPU.ActiveCfg = Release|Any CPU
		{36D35B57-0F96-4169-B01C-B1D7A200A7A2}.Release|Any CPU.Build.0 = Release|Any CPU
		{36D35B57-0F96-4169-B01C-B1D7A200A7A2}.Release|x64.ActiveCfg = Release|Any CPU
		{36D35B57-0F96-4169-B01C-B1D7A200A7A2}.Release|x64.Build.0 = Release|Any CPU
		{36D35B57-0F96-4169-B01C-B1D7A200A7A2}.Release|x86.ActiveCfg = Release|Any CPU
		{36D35B57-0F96-4169-B01C-B1D7A200A7A2}.Release|x86.Build.0 = Release|Any CPU
		{18AA4097-F859-4851-A265-E431D69FD6E8}.Debug|Any CPU.ActiveCfg = Debug|Any CPU
		{18AA4097-F859-4851-A265-E431D69FD6E8}.Debug|Any CPU.Build.0 = Debug|Any CPU
		{18AA4097-F859-4851-A265-E431D69FD6E8}.Debug|x64.ActiveCfg = Debug|Any CPU
		{18AA4097-F859-4851-A265-E431D69FD6E8}.Debug|x64.Build.0 = Debug|Any CPU
		{18AA4097-F859-4851-A265-E431D69FD6E8}.Debug|x86.ActiveCfg = Debug|Any CPU
		{18AA4097-F859-4851-A265-E431D69FD6E8}.Debug|x86.Build.0 = Debug|Any CPU
		{18AA4097-F859-4851-A265-E431D69FD6E8}.Release|Any CPU.ActiveCfg = Release|Any CPU
		{18AA4097-F859-4851-A265-E431D69FD6E8}.Release|Any CPU.Build.0 = Release|Any CPU
		{18AA4097-F859-4851-A265-E431D69FD6E8}.Release|x64.ActiveCfg = Release|Any CPU
		{18AA4097-F859-4851-A265-E431D69FD6E8}.Release|x64.Build.0 = Release|Any CPU
		{18AA4097-F859-4851-A265-E431D69FD6E8}.Release|x86.ActiveCfg = Release|Any CPU
		{18AA4097-F859-4851-A265-E431D69FD6E8}.Release|x86.Build.0 = Release|Any CPU
		{37F4ECFA-F7CF-444A-BF5D-F693B802E7AA}.Debug|Any CPU.ActiveCfg = Debug|Any CPU
		{37F4ECFA-F7CF-444A-BF5D-F693B802E7AA}.Debug|Any CPU.Build.0 = Debug|Any CPU
		{37F4ECFA-F7CF-444A-BF5D-F693B802E7AA}.Debug|x64.ActiveCfg = Debug|Any CPU
		{37F4ECFA-F7CF-444A-BF5D-F693B802E7AA}.Debug|x64.Build.0 = Debug|Any CPU
		{37F4ECFA-F7CF-444A-BF5D-F693B802E7AA}.Debug|x86.ActiveCfg = Debug|Any CPU
		{37F4ECFA-F7CF-444A-BF5D-F693B802E7AA}.Debug|x86.Build.0 = Debug|Any CPU
		{37F4ECFA-F7CF-444A-BF5D-F693B802E7AA}.Release|Any CPU.ActiveCfg = Release|Any CPU
		{37F4ECFA-F7CF-444A-BF5D-F693B802E7AA}.Release|Any CPU.Build.0 = Release|Any CPU
		{37F4ECFA-F7CF-444A-BF5D-F693B802E7AA}.Release|x64.ActiveCfg = Release|Any CPU
		{37F4ECFA-F7CF-444A-BF5D-F693B802E7AA}.Release|x64.Build.0 = Release|Any CPU
		{37F4ECFA-F7CF-444A-BF5D-F693B802E7AA}.Release|x86.ActiveCfg = Release|Any CPU
		{37F4ECFA-F7CF-444A-BF5D-F693B802E7AA}.Release|x86.Build.0 = Release|Any CPU
		{2F368187-1310-44C2-A5FE-A75F005A9E69}.Debug|Any CPU.ActiveCfg = Debug|Any CPU
		{2F368187-1310-44C2-A5FE-A75F005A9E69}.Debug|Any CPU.Build.0 = Debug|Any CPU
		{2F368187-1310-44C2-A5FE-A75F005A9E69}.Debug|x64.ActiveCfg = Debug|Any CPU
		{2F368187-1310-44C2-A5FE-A75F005A9E69}.Debug|x64.Build.0 = Debug|Any CPU
		{2F368187-1310-44C2-A5FE-A75F005A9E69}.Debug|x86.ActiveCfg = Debug|Any CPU
		{2F368187-1310-44C2-A5FE-A75F005A9E69}.Debug|x86.Build.0 = Debug|Any CPU
		{2F368187-1310-44C2-A5FE-A75F005A9E69}.Release|Any CPU.ActiveCfg = Release|Any CPU
		{2F368187-1310-44C2-A5FE-A75F005A9E69}.Release|Any CPU.Build.0 = Release|Any CPU
		{2F368187-1310-44C2-A5FE-A75F005A9E69}.Release|x64.ActiveCfg = Release|Any CPU
		{2F368187-1310-44C2-A5FE-A75F005A9E69}.Release|x64.Build.0 = Release|Any CPU
		{2F368187-1310-44C2-A5FE-A75F005A9E69}.Release|x86.ActiveCfg = Release|Any CPU
		{2F368187-1310-44C2-A5FE-A75F005A9E69}.Release|x86.Build.0 = Release|Any CPU
		{3674BBDC-8FD5-410B-B19C-26204BF258DB}.Debug|Any CPU.ActiveCfg = Debug|Any CPU
		{3674BBDC-8FD5-410B-B19C-26204BF258DB}.Debug|Any CPU.Build.0 = Debug|Any CPU
		{3674BBDC-8FD5-410B-B19C-26204BF258DB}.Debug|x64.ActiveCfg = Debug|Any CPU
		{3674BBDC-8FD5-410B-B19C-26204BF258DB}.Debug|x64.Build.0 = Debug|Any CPU
		{3674BBDC-8FD5-410B-B19C-26204BF258DB}.Debug|x86.ActiveCfg = Debug|Any CPU
		{3674BBDC-8FD5-410B-B19C-26204BF258DB}.Debug|x86.Build.0 = Debug|Any CPU
		{3674BBDC-8FD5-410B-B19C-26204BF258DB}.Release|Any CPU.ActiveCfg = Release|Any CPU
		{3674BBDC-8FD5-410B-B19C-26204BF258DB}.Release|Any CPU.Build.0 = Release|Any CPU
		{3674BBDC-8FD5-410B-B19C-26204BF258DB}.Release|x64.ActiveCfg = Release|Any CPU
		{3674BBDC-8FD5-410B-B19C-26204BF258DB}.Release|x64.Build.0 = Release|Any CPU
		{3674BBDC-8FD5-410B-B19C-26204BF258DB}.Release|x86.ActiveCfg = Release|Any CPU
		{3674BBDC-8FD5-410B-B19C-26204BF258DB}.Release|x86.Build.0 = Release|Any CPU
		{B73B1485-8ED6-49E2-B9B8-564A5624292E}.Debug|Any CPU.ActiveCfg = Debug|Any CPU
		{B73B1485-8ED6-49E2-B9B8-564A5624292E}.Debug|Any CPU.Build.0 = Debug|Any CPU
		{B73B1485-8ED6-49E2-B9B8-564A5624292E}.Debug|x64.ActiveCfg = Debug|Any CPU
		{B73B1485-8ED6-49E2-B9B8-564A5624292E}.Debug|x64.Build.0 = Debug|Any CPU
		{B73B1485-8ED6-49E2-B9B8-564A5624292E}.Debug|x86.ActiveCfg = Debug|Any CPU
		{B73B1485-8ED6-49E2-B9B8-564A5624292E}.Debug|x86.Build.0 = Debug|Any CPU
		{B73B1485-8ED6-49E2-B9B8-564A5624292E}.Release|Any CPU.ActiveCfg = Release|Any CPU
		{B73B1485-8ED6-49E2-B9B8-564A5624292E}.Release|Any CPU.Build.0 = Release|Any CPU
		{B73B1485-8ED6-49E2-B9B8-564A5624292E}.Release|x64.ActiveCfg = Release|Any CPU
		{B73B1485-8ED6-49E2-B9B8-564A5624292E}.Release|x64.Build.0 = Release|Any CPU
		{B73B1485-8ED6-49E2-B9B8-564A5624292E}.Release|x86.ActiveCfg = Release|Any CPU
		{B73B1485-8ED6-49E2-B9B8-564A5624292E}.Release|x86.Build.0 = Release|Any CPU
		{26303C4D-3C0A-4291-82E5-3053131A65BA}.Debug|Any CPU.ActiveCfg = Debug|Any CPU
		{26303C4D-3C0A-4291-82E5-3053131A65BA}.Debug|Any CPU.Build.0 = Debug|Any CPU
		{26303C4D-3C0A-4291-82E5-3053131A65BA}.Debug|x64.ActiveCfg = Debug|Any CPU
		{26303C4D-3C0A-4291-82E5-3053131A65BA}.Debug|x64.Build.0 = Debug|Any CPU
		{26303C4D-3C0A-4291-82E5-3053131A65BA}.Debug|x86.ActiveCfg = Debug|Any CPU
		{26303C4D-3C0A-4291-82E5-3053131A65BA}.Debug|x86.Build.0 = Debug|Any CPU
		{26303C4D-3C0A-4291-82E5-3053131A65BA}.Release|Any CPU.ActiveCfg = Release|Any CPU
		{26303C4D-3C0A-4291-82E5-3053131A65BA}.Release|Any CPU.Build.0 = Release|Any CPU
		{26303C4D-3C0A-4291-82E5-3053131A65BA}.Release|x64.ActiveCfg = Release|Any CPU
		{26303C4D-3C0A-4291-82E5-3053131A65BA}.Release|x64.Build.0 = Release|Any CPU
		{26303C4D-3C0A-4291-82E5-3053131A65BA}.Release|x86.ActiveCfg = Release|Any CPU
		{26303C4D-3C0A-4291-82E5-3053131A65BA}.Release|x86.Build.0 = Release|Any CPU
		{C5190D2A-FDFF-496C-A4F7-F5615CC69316}.Debug|Any CPU.ActiveCfg = Debug|Any CPU
		{C5190D2A-FDFF-496C-A4F7-F5615CC69316}.Debug|Any CPU.Build.0 = Debug|Any CPU
		{C5190D2A-FDFF-496C-A4F7-F5615CC69316}.Debug|x64.ActiveCfg = Debug|Any CPU
		{C5190D2A-FDFF-496C-A4F7-F5615CC69316}.Debug|x64.Build.0 = Debug|Any CPU
		{C5190D2A-FDFF-496C-A4F7-F5615CC69316}.Debug|x86.ActiveCfg = Debug|Any CPU
		{C5190D2A-FDFF-496C-A4F7-F5615CC69316}.Debug|x86.Build.0 = Debug|Any CPU
		{C5190D2A-FDFF-496C-A4F7-F5615CC69316}.Release|Any CPU.ActiveCfg = Release|Any CPU
		{C5190D2A-FDFF-496C-A4F7-F5615CC69316}.Release|Any CPU.Build.0 = Release|Any CPU
		{C5190D2A-FDFF-496C-A4F7-F5615CC69316}.Release|x64.ActiveCfg = Release|Any CPU
		{C5190D2A-FDFF-496C-A4F7-F5615CC69316}.Release|x64.Build.0 = Release|Any CPU
		{C5190D2A-FDFF-496C-A4F7-F5615CC69316}.Release|x86.ActiveCfg = Release|Any CPU
		{C5190D2A-FDFF-496C-A4F7-F5615CC69316}.Release|x86.Build.0 = Release|Any CPU
		{22AD81E5-89A3-4EFA-BD77-4C059670E074}.Debug|Any CPU.ActiveCfg = Debug|Any CPU
		{22AD81E5-89A3-4EFA-BD77-4C059670E074}.Debug|Any CPU.Build.0 = Debug|Any CPU
		{22AD81E5-89A3-4EFA-BD77-4C059670E074}.Debug|x64.ActiveCfg = Debug|Any CPU
		{22AD81E5-89A3-4EFA-BD77-4C059670E074}.Debug|x64.Build.0 = Debug|Any CPU
		{22AD81E5-89A3-4EFA-BD77-4C059670E074}.Debug|x86.ActiveCfg = Debug|Any CPU
		{22AD81E5-89A3-4EFA-BD77-4C059670E074}.Debug|x86.Build.0 = Debug|Any CPU
		{22AD81E5-89A3-4EFA-BD77-4C059670E074}.Release|Any CPU.ActiveCfg = Release|Any CPU
		{22AD81E5-89A3-4EFA-BD77-4C059670E074}.Release|Any CPU.Build.0 = Release|Any CPU
		{22AD81E5-89A3-4EFA-BD77-4C059670E074}.Release|x64.ActiveCfg = Release|Any CPU
		{22AD81E5-89A3-4EFA-BD77-4C059670E074}.Release|x64.Build.0 = Release|Any CPU
		{22AD81E5-89A3-4EFA-BD77-4C059670E074}.Release|x86.ActiveCfg = Release|Any CPU
		{22AD81E5-89A3-4EFA-BD77-4C059670E074}.Release|x86.Build.0 = Release|Any CPU
	EndGlobalSection
	GlobalSection(NestedProjects) = preSolution
		{2CB3FA98-2C71-4232-A15A-F8728ECA22DE} = {956F79F9-E3EA-4896-9465-D0A066810939}
		{0963B434-4266-4337-A3B9-0FA78CECDD66} = {956F79F9-E3EA-4896-9465-D0A066810939}
		{67DDA0CE-2539-41E7-A863-DD9154A78979} = {956F79F9-E3EA-4896-9465-D0A066810939}
		{D5AE3690-FDE3-4B19-B809-13785CACDDEE} = {956F79F9-E3EA-4896-9465-D0A066810939}
		{203C0F0F-D20E-44A5-A90E-B0A46EB2C27F} = {750A408B-D4A3-45F8-8D6D-C172679EFF32}
		{36D35B57-0F96-4169-B01C-B1D7A200A7A2} = {956F79F9-E3EA-4896-9465-D0A066810939}
		{18AA4097-F859-4851-A265-E431D69FD6E8} = {750A408B-D4A3-45F8-8D6D-C172679EFF32}
		{B65A1698-0539-495B-95CA-4F36E217144F} = {956F79F9-E3EA-4896-9465-D0A066810939}
		{37F4ECFA-F7CF-444A-BF5D-F693B802E7AA} = {B65A1698-0539-495B-95CA-4F36E217144F}
		{2F368187-1310-44C2-A5FE-A75F005A9E69} = {B65A1698-0539-495B-95CA-4F36E217144F}
		{3674BBDC-8FD5-410B-B19C-26204BF258DB} = {B65A1698-0539-495B-95CA-4F36E217144F}
		{B73B1485-8ED6-49E2-B9B8-564A5624292E} = {956F79F9-E3EA-4896-9465-D0A066810939}
		{26303C4D-3C0A-4291-82E5-3053131A65BA} = {750A408B-D4A3-45F8-8D6D-C172679EFF32}
		{C5190D2A-FDFF-496C-A4F7-F5615CC69316} = {750A408B-D4A3-45F8-8D6D-C172679EFF32}
		{22AD81E5-89A3-4EFA-BD77-4C059670E074} = {956F79F9-E3EA-4896-9465-D0A066810939}
	EndGlobalSection
EndGlobal
