
Microsoft Visual Studio Solution File, Format Version 12.00
#
Project("{FAE04EC0-301F-11D3-BF4B-00C04F79EFBC}") = "Raft.Core", "src\Raft.Core\Raft.Core.csproj", "{2CB3FA98-2C71-4232-A15A-F8728ECA22DE}"
EndProject
Project("{2150E333-8FDC-42A3-9474-1A3956D46DE8}") = "src", "src", "{956F79F9-E3EA-4896-9465-D0A066810939}"
EndProject
Project("{FAE04EC0-301F-11D3-BF4B-00C04F79EFBC}") = "Raft.Server", "src\Raft.Server\Raft.Server.csproj", "{0963B434-4266-4337-A3B9-0FA78CECDD66}"
EndProject
Global
	GlobalSection(SolutionConfigurationPlatforms) = preSolution
		Debug|Any CPU = Debug|Any CPU
		Debug|x64 = Debug|x64
		Debug|x86 = Debug|x86
		Release|Any CPU = Release|Any CPU
		Release|x64 = Release|x64
		Release|x86 = Release|x86
	EndGlobalSection
	GlobalSection(ProjectConfigurationPlatforms) = postSolution
		{2CB3FA98-2C71-4232-A15A-F8728ECA22DE}.Debug|Any CPU.ActiveCfg = Debug|Any CPU
		{2CB3FA98-2C71-4232-A15A-F8728ECA22DE}.Debug|Any CPU.Build.0 = Debug|Any CPU
		{2CB3FA98-2C71-4232-A15A-F8728ECA22DE}.Debug|x64.ActiveCfg = Debug|Any CPU
		{2CB3FA98-2C71-4232-A15A-F8728ECA22DE}.Debug|x64.Build.0 = Debug|Any CPU
		{2CB3FA98-2C71-4232-A15A-F8728ECA22DE}.Debug|x86.ActiveCfg = Debug|Any CPU
		{2CB3FA98-2C71-4232-A15A-F8728ECA22DE}.Debug|x86.Build.0 = Debug|Any CPU
		{2CB3FA98-2C71-4232-A15A-F8728ECA22DE}.Release|Any CPU.ActiveCfg = Release|Any CPU
		{2CB3FA98-2C71-4232-A15A-F8728ECA22DE}.Release|Any CPU.Build.0 = Release|Any CPU
		{2CB3FA98-2C71-4232-A15A-F8728ECA22DE}.Release|x64.ActiveCfg = Release|Any CPU
		{2CB3FA98-2C71-4232-A15A-F8728ECA22DE}.Release|x64.Build.0 = Release|Any CPU
		{2CB3FA98-2C71-4232-A15A-F8728ECA22DE}.Release|x86.ActiveCfg = Release|Any CPU
		{2CB3FA98-2C71-4232-A15A-F8728ECA22DE}.Release|x86.Build.0 = Release|Any CPU
		{0963B434-4266-4337-A3B9-0FA78CECDD66}.Debug|Any CPU.ActiveCfg = Debug|Any CPU
		{0963B434-4266-4337-A3B9-0FA78CECDD66}.Debug|Any CPU.Build.0 = Debug|Any CPU
		{0963B434-4266-4337-A3B9-0FA78CECDD66}.Debug|x64.ActiveCfg = Debug|Any CPU
		{0963B434-4266-4337-A3B9-0FA78CECDD66}.Debug|x64.Build.0 = Debug|Any CPU
		{0963B434-4266-4337-A3B9-0FA78CECDD66}.Debug|x86.ActiveCfg = Debug|Any CPU
		{0963B434-4266-4337-A3B9-0FA78CECDD66}.Debug|x86.Build.0 = Debug|Any CPU
		{0963B434-4266-4337-A3B9-0FA78CECDD66}.Release|Any CPU.ActiveCfg = Release|Any CPU
		{0963B434-4266-4337-A3B9-0FA78CECDD66}.Release|Any CPU.Build.0 = Release|Any CPU
		{0963B434-4266-4337-A3B9-0FA78CECDD66}.Release|x64.ActiveCfg = Release|Any CPU
		{0963B434-4266-4337-A3B9-0FA78CECDD66}.Release|x64.Build.0 = Release|Any CPU
		{0963B434-4266-4337-A3B9-0FA78CECDD66}.Release|x86.ActiveCfg = Release|Any CPU
		{0963B434-4266-4337-A3B9-0FA78CECDD66}.Release|x86.Build.0 = Release|Any CPU
	EndGlobalSection
	GlobalSection(NestedProjects) = preSolution
		{2CB3FA98-2C71-4232-A15A-F8728ECA22DE} = {956F79F9-E3EA-4896-9465-D0A066810939}
		{0963B434-4266-4337-A3B9-0FA78CECDD66} = {956F79F9-E3EA-4896-9465-D0A066810939}
	EndGlobalSection
EndGlobal
