
Microsoft Visual Studio Solution File, Format Version 12.00
#
Project("{2150E333-8FDC-42A3-9474-1A3956D46DE8}") = "src", "src", "{956F79F9-E3EA-4896-9465-D0A066810939}"
EndProject
Project("{FAE04EC0-301F-11D3-BF4B-00C04F79EFBC}") = "TaskFlux.Host", "src\TaskFlux.Host\TaskFlux.Host.csproj", "{0963B434-4266-4337-A3B9-0FA78CECDD66}"
EndProject
Project("{2150E333-8FDC-42A3-9474-1A3956D46DE8}") = "tests", "tests", "{750A408B-D4A3-45F8-8D6D-C172679EFF32}"
EndProject
Project("{FAE04EC0-301F-11D3-BF4B-00C04F79EFBC}") = "Consensus.Core.Tests", "tests\Consensus.Core.Tests\Consensus.Core.Tests.csproj", "{203C0F0F-D20E-44A5-A90E-B0A46EB2C27F}"
EndProject
Project("{2150E333-8FDC-42A3-9474-1A3956D46DE8}") = "Solution Items", "Solution Items", "{085D4247-AF0E-498F-97C7-410383D6FFD8}"
	ProjectSection(SolutionItems) = preProject
		docker-compose.yml = docker-compose.yml
	EndProjectSection
EndProject
Project("{FAE04EC0-301F-11D3-BF4B-00C04F79EFBC}") = "Consensus.CommandQueue.Channel.Tests", "tests\Consensus.CommandQueue.Channel.Tests\Consensus.CommandQueue.Channel.Tests.csproj", "{18AA4097-F859-4851-A265-E431D69FD6E8}"
EndProject
Project("{FAE04EC0-301F-11D3-BF4B-00C04F79EFBC}") = "Consensus.Peer.Tests", "tests\Consensus.Peer.Tests\Consensus.Peer.Tests.csproj", "{26303C4D-3C0A-4291-82E5-3053131A65BA}"
EndProject
Project("{FAE04EC0-301F-11D3-BF4B-00C04F79EFBC}") = "Consensus.Storage.File.Tests", "tests\Consensus.Storage.File.Tests\Consensus.Storage.File.Tests.csproj", "{2B79383F-C843-4F35-AD41-FD3B014E47B1}"
EndProject
Project("{2150E333-8FDC-42A3-9474-1A3956D46DE8}") = "JobQueue", "JobQueue", "{9B36E68C-007A-4911-B6CC-131989BC02AB}"
EndProject
Project("{FAE04EC0-301F-11D3-BF4B-00C04F79EFBC}") = "JobQueue.Core", "src\JobQueue\JobQueue.Core\JobQueue.Core.csproj", "{BB69AF5A-9A4A-4EF9-9804-33025BC687F5}"
EndProject
Project("{FAE04EC0-301F-11D3-BF4B-00C04F79EFBC}") = "JobQueue.InMemory", "src\JobQueue\JobQueue.InMemory\JobQueue.InMemory.csproj", "{4D4A05E6-4527-43A6-85A0-BCF1171BF152}"
EndProject
Project("{FAE04EC0-301F-11D3-BF4B-00C04F79EFBC}") = "JobQueue.SortedQueue", "src\JobQueue\JobQueue.SortedQueue\JobQueue.SortedQueue.csproj", "{246B96A8-D59E-43FC-B2DD-90FF24C4D1B6}"
EndProject
Project("{FAE04EC0-301F-11D3-BF4B-00C04F79EFBC}") = "JobQueue.SortedQueue.Tests", "tests\JobQueue.SortedQueue.Tests\JobQueue.SortedQueue.Tests.csproj", "{55E03A2F-3731-4523-A32C-CD9B1982E7A0}"
EndProject
Project("{FAE04EC0-301F-11D3-BF4B-00C04F79EFBC}") = "Consensus.Log.Tests", "tests\Consensus.Log.Tests\Consensus.Log.Tests.csproj", "{941E314A-2594-4A74-AE65-1087557993B5}"
EndProject
Project("{FAE04EC0-301F-11D3-BF4B-00C04F79EFBC}") = "TaskFlux.Network.Requests.Serialization.Tests", "tests\TaskFlux.Network.Requests.Serialization.Tests\TaskFlux.Network.Requests.Serialization.Tests.csproj", "{6F5F0BAF-21B7-4654-BEFC-287844026066}"
EndProject
Project("{2150E333-8FDC-42A3-9474-1A3956D46DE8}") = "Consensus", "Consensus", "{E70808CD-66D3-4223-9CCB-9F9B90010FA5}"
EndProject
Project("{FAE04EC0-301F-11D3-BF4B-00C04F79EFBC}") = "Consensus.Network", "src\Consensus\Consensus.Network\Consensus.Network.csproj", "{731B34E5-4EA9-47AC-BD20-BABA5A0E2318}"
EndProject
Project("{FAE04EC0-301F-11D3-BF4B-00C04F79EFBC}") = "Consensus.Timers", "src\Consensus\Consensus.Timers\Consensus.Timers.csproj", "{63897EFC-0FC8-4763-A2EB-23BC7B22DB20}"
EndProject
Project("{FAE04EC0-301F-11D3-BF4B-00C04F79EFBC}") = "Consensus.JobQueue", "src\Consensus\Consensus.JobQueue\Consensus.JobQueue.csproj", "{760A2B9E-AF5B-432F-B2B1-71D99D232BE1}"
EndProject
Project("{2150E333-8FDC-42A3-9474-1A3956D46DE8}") = "Consensus.StateMachine", "Consensus.StateMachine", "{1D779A6A-E89B-48A5-AD21-0090FCA1E63D}"
EndProject
Project("{FAE04EC0-301F-11D3-BF4B-00C04F79EFBC}") = "Consensus.StateMachine", "src\Consensus\Consensus.StateMachine\Consensus.StateMachine\Consensus.StateMachine.csproj", "{08898D90-D9FB-4D18-B6E6-E0970936F3C1}"
EndProject
Project("{2150E333-8FDC-42A3-9474-1A3956D46DE8}") = "Consensus.StateMachine.JobQueue", "Consensus.StateMachine.JobQueue", "{532FBCA4-722D-4B4A-AFE9-4DB4FB6B4475}"
EndProject
Project("{FAE04EC0-301F-11D3-BF4B-00C04F79EFBC}") = "Consensus.StateMachine.JobQueue", "src\Consensus\Consensus.StateMachine\Raft.StateMachine.JobQueue\Consensus.StateMachine.JobQueue\Consensus.StateMachine.JobQueue.csproj", "{5F26D5BF-1B07-49F5-8D92-569E48A56BB6}"
EndProject
Project("{FAE04EC0-301F-11D3-BF4B-00C04F79EFBC}") = "Consensus.Peer", "src\Consensus\Consensus.Peer\Consensus.Peer.csproj", "{D81C8F24-B2B7-43A3-A051-BCEC4F06A67C}"
EndProject
Project("{FAE04EC0-301F-11D3-BF4B-00C04F79EFBC}") = "Consensus.Core", "src\Consensus\Consensus.Core\Consensus.Core.csproj", "{49F7E31D-7374-472C-8D84-98ABD35A34C6}"
EndProject
Project("{2150E333-8FDC-42A3-9474-1A3956D46DE8}") = "Consensus.Log", "Consensus.Log", "{B9021622-24AB-47E2-B8F1-703D793FAA69}"
EndProject
Project("{FAE04EC0-301F-11D3-BF4B-00C04F79EFBC}") = "Consensus.Storage.File", "src\Consensus\Consensus.Log\Consensus.Storage.File\Consensus.Storage.File.csproj", "{60482A94-8EA9-4EBA-9ACA-27FA3EBE28D9}"
EndProject
Project("{FAE04EC0-301F-11D3-BF4B-00C04F79EFBC}") = "Consensus.Log", "src\Consensus\Consensus.Log\Consensus.Log\Consensus.Log.csproj", "{76452A50-132C-48BD-9620-65666DFAB1E2}"
EndProject
Project("{2150E333-8FDC-42A3-9474-1A3956D46DE8}") = "Consensus.CommandQueue", "Consensus.CommandQueue", "{D79A8931-E6D1-49F7-914F-B4BBF8BB9762}"
EndProject
Project("{FAE04EC0-301F-11D3-BF4B-00C04F79EFBC}") = "Consensus.CommandQueue.Semaphore", "src\Consensus\Consensus.CommandQueue\Consensus.CommandQueue.Semaphore\Consensus.CommandQueue.Semaphore.csproj", "{616FB354-5050-4882-8697-571B76AEFCAF}"
EndProject
Project("{FAE04EC0-301F-11D3-BF4B-00C04F79EFBC}") = "Consensus.CommandQueue.Channel", "src\Consensus\Consensus.CommandQueue\Consensus.CommandQueue.Channel\Consensus.CommandQueue.Channel.csproj", "{41742879-C0DC-4957-A274-B7C5A68E7B13}"
EndProject
Project("{FAE04EC0-301F-11D3-BF4B-00C04F79EFBC}") = "Consensus.CommandQueue", "src\Consensus\Consensus.CommandQueue\Consensus.CommandQueue\Consensus.CommandQueue.csproj", "{E6B0A047-6FF0-4E6E-833D-D2777450FCE4}"
EndProject
Project("{2150E333-8FDC-42A3-9474-1A3956D46DE8}") = "TaskFlux.Host.Modules", "TaskFlux.Host.Modules", "{166EB0E4-C4E5-4F55-B59D-EEBFCA53F5BB}"
EndProject
Project("{FAE04EC0-301F-11D3-BF4B-00C04F79EFBC}") = "TaskFlux.Host.Modules.HttpRequest", "src\TaskFlux.Host.Modules\TaskFlux.Host.Modules.HttpRequest\TaskFlux.Host.Modules.HttpRequest.csproj", "{B1901DFF-F36C-4836-9054-B451D0A615E3}"
EndProject
Project("{FAE04EC0-301F-11D3-BF4B-00C04F79EFBC}") = "TaskFlux.Host.Modules", "src\TaskFlux.Host.Modules\TaskFlux.Host.Modules\TaskFlux.Host.Modules.csproj", "{E8E9E48F-082C-443E-8EC4-EF56118E76C7}"
EndProject
Project("{FAE04EC0-301F-11D3-BF4B-00C04F79EFBC}") = "TaskFlux.Host.Modules.BinaryRequest", "src\TaskFlux.Host.Modules\TaskFlux.Host.Modules.BinaryRequest\TaskFlux.Host.Modules.BinaryRequest.csproj", "{1AA7D5F6-9BBD-4D39-8DC4-25F93AC82D67}"
EndProject
Project("{FAE04EC0-301F-11D3-BF4B-00C04F79EFBC}") = "TaskFlux.Core", "src\TaskFlux.Core\TaskFlux.Core.csproj", "{1E7B4B12-FD7C-496A-B904-B61A3F4A4A22}"
EndProject
Project("{FAE04EC0-301F-11D3-BF4B-00C04F79EFBC}") = "TaskFlux.Network.Requests", "src\TaskFlux.Network.Requests\TaskFlux.Network.Requests.csproj", "{6EBC831F-B51C-43F8-937D-62B0F157BFBA}"
EndProject
Project("{FAE04EC0-301F-11D3-BF4B-00C04F79EFBC}") = "TaskFlux.Network.Requests.Serialization", "src\TaskFlux.Network.Requests.Serialization\TaskFlux.Network.Requests.Serialization.csproj", "{3FB5407A-D049-4445-A8F8-1092EA119DF2}"
EndProject
Project("{FAE04EC0-301F-11D3-BF4B-00C04F79EFBC}") = "TaskFlux.Node", "src\TaskFlux.Node\TaskFlux.Node.csproj", "{8DB75B52-3694-4565-9180-8E4A45699419}"
EndProject
Project("{FAE04EC0-301F-11D3-BF4B-00C04F79EFBC}") = "TaskFlux.Network.Client", "src\TaskFlux.Network.Client\TaskFlux.Network.Client.csproj", "{D6C9106C-2485-46DA-9148-C9891B1C6C94}"
EndProject
Project("{FAE04EC0-301F-11D3-BF4B-00C04F79EFBC}") = "TaskFlux.Network.Client.Socket", "src\TaskFlux.Network.Client.Socket\TaskFlux.Network.Client.Socket.csproj", "{A72558E3-8AF7-4BD1-8884-9C13ADC48DF2}"
EndProject
Project("{FAE04EC0-301F-11D3-BF4B-00C04F79EFBC}") = "TaskFlux.Commands", "src\TaskFlux.Commands\TaskFlux.Commands.csproj", "{B641FBCA-9307-4A9E-9D6B-94D49A8CC360}"
EndProject
Project("{FAE04EC0-301F-11D3-BF4B-00C04F79EFBC}") = "TaskFlux.Commands.Serialization", "src\TaskFlux.Commands.Serialization\TaskFlux.Commands.Serialization.csproj", "{C67A08FC-0A70-404B-96EA-2CFFDA8BCAB4}"
EndProject
Project("{FAE04EC0-301F-11D3-BF4B-00C04F79EFBC}") = "TaskFlux.Serialization.Helpers", "src\TaskFlux.Serialization.Helpers\TaskFlux.Serialization.Helpers.csproj", "{DF354CDA-04AA-4EC0-9FE6-46D548CE7F36}"
EndProject
Project("{FAE04EC0-301F-11D3-BF4B-00C04F79EFBC}") = "TaskFlux.Commands.Serialization.Tests", "tests\TaskFlux.Commands.Serialization.Tests\TaskFlux.Commands.Serialization.Tests.csproj", "{5673D018-4282-41C0-991F-0B64AFA6AD38}"
EndProject
Global
	GlobalSection(SolutionConfigurationPlatforms) = preSolution
		Debug|Any CPU = Debug|Any CPU
		Debug|x64 = Debug|x64
		Debug|x86 = Debug|x86
		Release|Any CPU = Release|Any CPU
		Release|x64 = Release|x64
		Release|x86 = Release|x86
	EndGlobalSection
	GlobalSection(ProjectConfigurationPlatforms) = postSolution
		{0963B434-4266-4337-A3B9-0FA78CECDD66}.Debug|Any CPU.ActiveCfg = Debug|Any CPU
		{0963B434-4266-4337-A3B9-0FA78CECDD66}.Debug|Any CPU.Build.0 = Debug|Any CPU
		{0963B434-4266-4337-A3B9-0FA78CECDD66}.Debug|x64.ActiveCfg = Debug|Any CPU
		{0963B434-4266-4337-A3B9-0FA78CECDD66}.Debug|x64.Build.0 = Debug|Any CPU
		{0963B434-4266-4337-A3B9-0FA78CECDD66}.Debug|x86.ActiveCfg = Debug|Any CPU
		{0963B434-4266-4337-A3B9-0FA78CECDD66}.Debug|x86.Build.0 = Debug|Any CPU
		{0963B434-4266-4337-A3B9-0FA78CECDD66}.Release|Any CPU.ActiveCfg = Release|Any CPU
		{0963B434-4266-4337-A3B9-0FA78CECDD66}.Release|Any CPU.Build.0 = Release|Any CPU
		{0963B434-4266-4337-A3B9-0FA78CECDD66}.Release|x64.ActiveCfg = Release|Any CPU
		{0963B434-4266-4337-A3B9-0FA78CECDD66}.Release|x64.Build.0 = Release|Any CPU
		{0963B434-4266-4337-A3B9-0FA78CECDD66}.Release|x86.ActiveCfg = Release|Any CPU
		{0963B434-4266-4337-A3B9-0FA78CECDD66}.Release|x86.Build.0 = Release|Any CPU
		{203C0F0F-D20E-44A5-A90E-B0A46EB2C27F}.Debug|Any CPU.ActiveCfg = Debug|Any CPU
		{203C0F0F-D20E-44A5-A90E-B0A46EB2C27F}.Debug|Any CPU.Build.0 = Debug|Any CPU
		{203C0F0F-D20E-44A5-A90E-B0A46EB2C27F}.Debug|x64.ActiveCfg = Debug|Any CPU
		{203C0F0F-D20E-44A5-A90E-B0A46EB2C27F}.Debug|x64.Build.0 = Debug|Any CPU
		{203C0F0F-D20E-44A5-A90E-B0A46EB2C27F}.Debug|x86.ActiveCfg = Debug|Any CPU
		{203C0F0F-D20E-44A5-A90E-B0A46EB2C27F}.Debug|x86.Build.0 = Debug|Any CPU
		{203C0F0F-D20E-44A5-A90E-B0A46EB2C27F}.Release|Any CPU.ActiveCfg = Release|Any CPU
		{203C0F0F-D20E-44A5-A90E-B0A46EB2C27F}.Release|Any CPU.Build.0 = Release|Any CPU
		{203C0F0F-D20E-44A5-A90E-B0A46EB2C27F}.Release|x64.ActiveCfg = Release|Any CPU
		{203C0F0F-D20E-44A5-A90E-B0A46EB2C27F}.Release|x64.Build.0 = Release|Any CPU
		{203C0F0F-D20E-44A5-A90E-B0A46EB2C27F}.Release|x86.ActiveCfg = Release|Any CPU
		{203C0F0F-D20E-44A5-A90E-B0A46EB2C27F}.Release|x86.Build.0 = Release|Any CPU
		{18AA4097-F859-4851-A265-E431D69FD6E8}.Debug|Any CPU.ActiveCfg = Debug|Any CPU
		{18AA4097-F859-4851-A265-E431D69FD6E8}.Debug|Any CPU.Build.0 = Debug|Any CPU
		{18AA4097-F859-4851-A265-E431D69FD6E8}.Debug|x64.ActiveCfg = Debug|Any CPU
		{18AA4097-F859-4851-A265-E431D69FD6E8}.Debug|x64.Build.0 = Debug|Any CPU
		{18AA4097-F859-4851-A265-E431D69FD6E8}.Debug|x86.ActiveCfg = Debug|Any CPU
		{18AA4097-F859-4851-A265-E431D69FD6E8}.Debug|x86.Build.0 = Debug|Any CPU
		{18AA4097-F859-4851-A265-E431D69FD6E8}.Release|Any CPU.ActiveCfg = Release|Any CPU
		{18AA4097-F859-4851-A265-E431D69FD6E8}.Release|Any CPU.Build.0 = Release|Any CPU
		{18AA4097-F859-4851-A265-E431D69FD6E8}.Release|x64.ActiveCfg = Release|Any CPU
		{18AA4097-F859-4851-A265-E431D69FD6E8}.Release|x64.Build.0 = Release|Any CPU
		{18AA4097-F859-4851-A265-E431D69FD6E8}.Release|x86.ActiveCfg = Release|Any CPU
		{18AA4097-F859-4851-A265-E431D69FD6E8}.Release|x86.Build.0 = Release|Any CPU
		{26303C4D-3C0A-4291-82E5-3053131A65BA}.Debug|Any CPU.ActiveCfg = Debug|Any CPU
		{26303C4D-3C0A-4291-82E5-3053131A65BA}.Debug|Any CPU.Build.0 = Debug|Any CPU
		{26303C4D-3C0A-4291-82E5-3053131A65BA}.Debug|x64.ActiveCfg = Debug|Any CPU
		{26303C4D-3C0A-4291-82E5-3053131A65BA}.Debug|x64.Build.0 = Debug|Any CPU
		{26303C4D-3C0A-4291-82E5-3053131A65BA}.Debug|x86.ActiveCfg = Debug|Any CPU
		{26303C4D-3C0A-4291-82E5-3053131A65BA}.Debug|x86.Build.0 = Debug|Any CPU
		{26303C4D-3C0A-4291-82E5-3053131A65BA}.Release|Any CPU.ActiveCfg = Release|Any CPU
		{26303C4D-3C0A-4291-82E5-3053131A65BA}.Release|Any CPU.Build.0 = Release|Any CPU
		{26303C4D-3C0A-4291-82E5-3053131A65BA}.Release|x64.ActiveCfg = Release|Any CPU
		{26303C4D-3C0A-4291-82E5-3053131A65BA}.Release|x64.Build.0 = Release|Any CPU
		{26303C4D-3C0A-4291-82E5-3053131A65BA}.Release|x86.ActiveCfg = Release|Any CPU
		{26303C4D-3C0A-4291-82E5-3053131A65BA}.Release|x86.Build.0 = Release|Any CPU
		{2B79383F-C843-4F35-AD41-FD3B014E47B1}.Debug|Any CPU.ActiveCfg = Debug|Any CPU
		{2B79383F-C843-4F35-AD41-FD3B014E47B1}.Debug|Any CPU.Build.0 = Debug|Any CPU
		{2B79383F-C843-4F35-AD41-FD3B014E47B1}.Debug|x64.ActiveCfg = Debug|Any CPU
		{2B79383F-C843-4F35-AD41-FD3B014E47B1}.Debug|x64.Build.0 = Debug|Any CPU
		{2B79383F-C843-4F35-AD41-FD3B014E47B1}.Debug|x86.ActiveCfg = Debug|Any CPU
		{2B79383F-C843-4F35-AD41-FD3B014E47B1}.Debug|x86.Build.0 = Debug|Any CPU
		{2B79383F-C843-4F35-AD41-FD3B014E47B1}.Release|Any CPU.ActiveCfg = Release|Any CPU
		{2B79383F-C843-4F35-AD41-FD3B014E47B1}.Release|Any CPU.Build.0 = Release|Any CPU
		{2B79383F-C843-4F35-AD41-FD3B014E47B1}.Release|x64.ActiveCfg = Release|Any CPU
		{2B79383F-C843-4F35-AD41-FD3B014E47B1}.Release|x64.Build.0 = Release|Any CPU
		{2B79383F-C843-4F35-AD41-FD3B014E47B1}.Release|x86.ActiveCfg = Release|Any CPU
		{2B79383F-C843-4F35-AD41-FD3B014E47B1}.Release|x86.Build.0 = Release|Any CPU
		{BB69AF5A-9A4A-4EF9-9804-33025BC687F5}.Debug|Any CPU.ActiveCfg = Debug|Any CPU
		{BB69AF5A-9A4A-4EF9-9804-33025BC687F5}.Debug|Any CPU.Build.0 = Debug|Any CPU
		{BB69AF5A-9A4A-4EF9-9804-33025BC687F5}.Debug|x64.ActiveCfg = Debug|Any CPU
		{BB69AF5A-9A4A-4EF9-9804-33025BC687F5}.Debug|x64.Build.0 = Debug|Any CPU
		{BB69AF5A-9A4A-4EF9-9804-33025BC687F5}.Debug|x86.ActiveCfg = Debug|Any CPU
		{BB69AF5A-9A4A-4EF9-9804-33025BC687F5}.Debug|x86.Build.0 = Debug|Any CPU
		{BB69AF5A-9A4A-4EF9-9804-33025BC687F5}.Release|Any CPU.ActiveCfg = Release|Any CPU
		{BB69AF5A-9A4A-4EF9-9804-33025BC687F5}.Release|Any CPU.Build.0 = Release|Any CPU
		{BB69AF5A-9A4A-4EF9-9804-33025BC687F5}.Release|x64.ActiveCfg = Release|Any CPU
		{BB69AF5A-9A4A-4EF9-9804-33025BC687F5}.Release|x64.Build.0 = Release|Any CPU
		{BB69AF5A-9A4A-4EF9-9804-33025BC687F5}.Release|x86.ActiveCfg = Release|Any CPU
		{BB69AF5A-9A4A-4EF9-9804-33025BC687F5}.Release|x86.Build.0 = Release|Any CPU
		{4D4A05E6-4527-43A6-85A0-BCF1171BF152}.Debug|Any CPU.ActiveCfg = Debug|Any CPU
		{4D4A05E6-4527-43A6-85A0-BCF1171BF152}.Debug|Any CPU.Build.0 = Debug|Any CPU
		{4D4A05E6-4527-43A6-85A0-BCF1171BF152}.Debug|x64.ActiveCfg = Debug|Any CPU
		{4D4A05E6-4527-43A6-85A0-BCF1171BF152}.Debug|x64.Build.0 = Debug|Any CPU
		{4D4A05E6-4527-43A6-85A0-BCF1171BF152}.Debug|x86.ActiveCfg = Debug|Any CPU
		{4D4A05E6-4527-43A6-85A0-BCF1171BF152}.Debug|x86.Build.0 = Debug|Any CPU
		{4D4A05E6-4527-43A6-85A0-BCF1171BF152}.Release|Any CPU.ActiveCfg = Release|Any CPU
		{4D4A05E6-4527-43A6-85A0-BCF1171BF152}.Release|Any CPU.Build.0 = Release|Any CPU
		{4D4A05E6-4527-43A6-85A0-BCF1171BF152}.Release|x64.ActiveCfg = Release|Any CPU
		{4D4A05E6-4527-43A6-85A0-BCF1171BF152}.Release|x64.Build.0 = Release|Any CPU
		{4D4A05E6-4527-43A6-85A0-BCF1171BF152}.Release|x86.ActiveCfg = Release|Any CPU
		{4D4A05E6-4527-43A6-85A0-BCF1171BF152}.Release|x86.Build.0 = Release|Any CPU
		{246B96A8-D59E-43FC-B2DD-90FF24C4D1B6}.Debug|Any CPU.ActiveCfg = Debug|Any CPU
		{246B96A8-D59E-43FC-B2DD-90FF24C4D1B6}.Debug|Any CPU.Build.0 = Debug|Any CPU
		{246B96A8-D59E-43FC-B2DD-90FF24C4D1B6}.Debug|x64.ActiveCfg = Debug|Any CPU
		{246B96A8-D59E-43FC-B2DD-90FF24C4D1B6}.Debug|x64.Build.0 = Debug|Any CPU
		{246B96A8-D59E-43FC-B2DD-90FF24C4D1B6}.Debug|x86.ActiveCfg = Debug|Any CPU
		{246B96A8-D59E-43FC-B2DD-90FF24C4D1B6}.Debug|x86.Build.0 = Debug|Any CPU
		{246B96A8-D59E-43FC-B2DD-90FF24C4D1B6}.Release|Any CPU.ActiveCfg = Release|Any CPU
		{246B96A8-D59E-43FC-B2DD-90FF24C4D1B6}.Release|Any CPU.Build.0 = Release|Any CPU
		{246B96A8-D59E-43FC-B2DD-90FF24C4D1B6}.Release|x64.ActiveCfg = Release|Any CPU
		{246B96A8-D59E-43FC-B2DD-90FF24C4D1B6}.Release|x64.Build.0 = Release|Any CPU
		{246B96A8-D59E-43FC-B2DD-90FF24C4D1B6}.Release|x86.ActiveCfg = Release|Any CPU
		{246B96A8-D59E-43FC-B2DD-90FF24C4D1B6}.Release|x86.Build.0 = Release|Any CPU
		{55E03A2F-3731-4523-A32C-CD9B1982E7A0}.Debug|Any CPU.ActiveCfg = Debug|Any CPU
		{55E03A2F-3731-4523-A32C-CD9B1982E7A0}.Debug|Any CPU.Build.0 = Debug|Any CPU
		{55E03A2F-3731-4523-A32C-CD9B1982E7A0}.Debug|x64.ActiveCfg = Debug|Any CPU
		{55E03A2F-3731-4523-A32C-CD9B1982E7A0}.Debug|x64.Build.0 = Debug|Any CPU
		{55E03A2F-3731-4523-A32C-CD9B1982E7A0}.Debug|x86.ActiveCfg = Debug|Any CPU
		{55E03A2F-3731-4523-A32C-CD9B1982E7A0}.Debug|x86.Build.0 = Debug|Any CPU
		{55E03A2F-3731-4523-A32C-CD9B1982E7A0}.Release|Any CPU.ActiveCfg = Release|Any CPU
		{55E03A2F-3731-4523-A32C-CD9B1982E7A0}.Release|Any CPU.Build.0 = Release|Any CPU
		{55E03A2F-3731-4523-A32C-CD9B1982E7A0}.Release|x64.ActiveCfg = Release|Any CPU
		{55E03A2F-3731-4523-A32C-CD9B1982E7A0}.Release|x64.Build.0 = Release|Any CPU
		{55E03A2F-3731-4523-A32C-CD9B1982E7A0}.Release|x86.ActiveCfg = Release|Any CPU
		{55E03A2F-3731-4523-A32C-CD9B1982E7A0}.Release|x86.Build.0 = Release|Any CPU
		{941E314A-2594-4A74-AE65-1087557993B5}.Debug|Any CPU.ActiveCfg = Debug|Any CPU
		{941E314A-2594-4A74-AE65-1087557993B5}.Debug|Any CPU.Build.0 = Debug|Any CPU
		{941E314A-2594-4A74-AE65-1087557993B5}.Debug|x64.ActiveCfg = Debug|Any CPU
		{941E314A-2594-4A74-AE65-1087557993B5}.Debug|x64.Build.0 = Debug|Any CPU
		{941E314A-2594-4A74-AE65-1087557993B5}.Debug|x86.ActiveCfg = Debug|Any CPU
		{941E314A-2594-4A74-AE65-1087557993B5}.Debug|x86.Build.0 = Debug|Any CPU
		{941E314A-2594-4A74-AE65-1087557993B5}.Release|Any CPU.ActiveCfg = Release|Any CPU
		{941E314A-2594-4A74-AE65-1087557993B5}.Release|Any CPU.Build.0 = Release|Any CPU
		{941E314A-2594-4A74-AE65-1087557993B5}.Release|x64.ActiveCfg = Release|Any CPU
		{941E314A-2594-4A74-AE65-1087557993B5}.Release|x64.Build.0 = Release|Any CPU
		{941E314A-2594-4A74-AE65-1087557993B5}.Release|x86.ActiveCfg = Release|Any CPU
		{941E314A-2594-4A74-AE65-1087557993B5}.Release|x86.Build.0 = Release|Any CPU
		{6F5F0BAF-21B7-4654-BEFC-287844026066}.Debug|Any CPU.ActiveCfg = Debug|Any CPU
		{6F5F0BAF-21B7-4654-BEFC-287844026066}.Debug|Any CPU.Build.0 = Debug|Any CPU
		{6F5F0BAF-21B7-4654-BEFC-287844026066}.Debug|x64.ActiveCfg = Debug|Any CPU
		{6F5F0BAF-21B7-4654-BEFC-287844026066}.Debug|x64.Build.0 = Debug|Any CPU
		{6F5F0BAF-21B7-4654-BEFC-287844026066}.Debug|x86.ActiveCfg = Debug|Any CPU
		{6F5F0BAF-21B7-4654-BEFC-287844026066}.Debug|x86.Build.0 = Debug|Any CPU
		{6F5F0BAF-21B7-4654-BEFC-287844026066}.Release|Any CPU.ActiveCfg = Release|Any CPU
		{6F5F0BAF-21B7-4654-BEFC-287844026066}.Release|Any CPU.Build.0 = Release|Any CPU
		{6F5F0BAF-21B7-4654-BEFC-287844026066}.Release|x64.ActiveCfg = Release|Any CPU
		{6F5F0BAF-21B7-4654-BEFC-287844026066}.Release|x64.Build.0 = Release|Any CPU
		{6F5F0BAF-21B7-4654-BEFC-287844026066}.Release|x86.ActiveCfg = Release|Any CPU
		{6F5F0BAF-21B7-4654-BEFC-287844026066}.Release|x86.Build.0 = Release|Any CPU
		{731B34E5-4EA9-47AC-BD20-BABA5A0E2318}.Debug|Any CPU.ActiveCfg = Debug|Any CPU
		{731B34E5-4EA9-47AC-BD20-BABA5A0E2318}.Debug|Any CPU.Build.0 = Debug|Any CPU
		{731B34E5-4EA9-47AC-BD20-BABA5A0E2318}.Debug|x64.ActiveCfg = Debug|Any CPU
		{731B34E5-4EA9-47AC-BD20-BABA5A0E2318}.Debug|x64.Build.0 = Debug|Any CPU
		{731B34E5-4EA9-47AC-BD20-BABA5A0E2318}.Debug|x86.ActiveCfg = Debug|Any CPU
		{731B34E5-4EA9-47AC-BD20-BABA5A0E2318}.Debug|x86.Build.0 = Debug|Any CPU
		{731B34E5-4EA9-47AC-BD20-BABA5A0E2318}.Release|Any CPU.ActiveCfg = Release|Any CPU
		{731B34E5-4EA9-47AC-BD20-BABA5A0E2318}.Release|Any CPU.Build.0 = Release|Any CPU
		{731B34E5-4EA9-47AC-BD20-BABA5A0E2318}.Release|x64.ActiveCfg = Release|Any CPU
		{731B34E5-4EA9-47AC-BD20-BABA5A0E2318}.Release|x64.Build.0 = Release|Any CPU
		{731B34E5-4EA9-47AC-BD20-BABA5A0E2318}.Release|x86.ActiveCfg = Release|Any CPU
		{731B34E5-4EA9-47AC-BD20-BABA5A0E2318}.Release|x86.Build.0 = Release|Any CPU
		{63897EFC-0FC8-4763-A2EB-23BC7B22DB20}.Debug|Any CPU.ActiveCfg = Debug|Any CPU
		{63897EFC-0FC8-4763-A2EB-23BC7B22DB20}.Debug|Any CPU.Build.0 = Debug|Any CPU
		{63897EFC-0FC8-4763-A2EB-23BC7B22DB20}.Debug|x64.ActiveCfg = Debug|Any CPU
		{63897EFC-0FC8-4763-A2EB-23BC7B22DB20}.Debug|x64.Build.0 = Debug|Any CPU
		{63897EFC-0FC8-4763-A2EB-23BC7B22DB20}.Debug|x86.ActiveCfg = Debug|Any CPU
		{63897EFC-0FC8-4763-A2EB-23BC7B22DB20}.Debug|x86.Build.0 = Debug|Any CPU
		{63897EFC-0FC8-4763-A2EB-23BC7B22DB20}.Release|Any CPU.ActiveCfg = Release|Any CPU
		{63897EFC-0FC8-4763-A2EB-23BC7B22DB20}.Release|Any CPU.Build.0 = Release|Any CPU
		{63897EFC-0FC8-4763-A2EB-23BC7B22DB20}.Release|x64.ActiveCfg = Release|Any CPU
		{63897EFC-0FC8-4763-A2EB-23BC7B22DB20}.Release|x64.Build.0 = Release|Any CPU
		{63897EFC-0FC8-4763-A2EB-23BC7B22DB20}.Release|x86.ActiveCfg = Release|Any CPU
		{63897EFC-0FC8-4763-A2EB-23BC7B22DB20}.Release|x86.Build.0 = Release|Any CPU
		{760A2B9E-AF5B-432F-B2B1-71D99D232BE1}.Debug|Any CPU.ActiveCfg = Debug|Any CPU
		{760A2B9E-AF5B-432F-B2B1-71D99D232BE1}.Debug|Any CPU.Build.0 = Debug|Any CPU
		{760A2B9E-AF5B-432F-B2B1-71D99D232BE1}.Debug|x64.ActiveCfg = Debug|Any CPU
		{760A2B9E-AF5B-432F-B2B1-71D99D232BE1}.Debug|x64.Build.0 = Debug|Any CPU
		{760A2B9E-AF5B-432F-B2B1-71D99D232BE1}.Debug|x86.ActiveCfg = Debug|Any CPU
		{760A2B9E-AF5B-432F-B2B1-71D99D232BE1}.Debug|x86.Build.0 = Debug|Any CPU
		{760A2B9E-AF5B-432F-B2B1-71D99D232BE1}.Release|Any CPU.ActiveCfg = Release|Any CPU
		{760A2B9E-AF5B-432F-B2B1-71D99D232BE1}.Release|Any CPU.Build.0 = Release|Any CPU
		{760A2B9E-AF5B-432F-B2B1-71D99D232BE1}.Release|x64.ActiveCfg = Release|Any CPU
		{760A2B9E-AF5B-432F-B2B1-71D99D232BE1}.Release|x64.Build.0 = Release|Any CPU
		{760A2B9E-AF5B-432F-B2B1-71D99D232BE1}.Release|x86.ActiveCfg = Release|Any CPU
		{760A2B9E-AF5B-432F-B2B1-71D99D232BE1}.Release|x86.Build.0 = Release|Any CPU
		{08898D90-D9FB-4D18-B6E6-E0970936F3C1}.Debug|Any CPU.ActiveCfg = Debug|Any CPU
		{08898D90-D9FB-4D18-B6E6-E0970936F3C1}.Debug|Any CPU.Build.0 = Debug|Any CPU
		{08898D90-D9FB-4D18-B6E6-E0970936F3C1}.Debug|x64.ActiveCfg = Debug|Any CPU
		{08898D90-D9FB-4D18-B6E6-E0970936F3C1}.Debug|x64.Build.0 = Debug|Any CPU
		{08898D90-D9FB-4D18-B6E6-E0970936F3C1}.Debug|x86.ActiveCfg = Debug|Any CPU
		{08898D90-D9FB-4D18-B6E6-E0970936F3C1}.Debug|x86.Build.0 = Debug|Any CPU
		{08898D90-D9FB-4D18-B6E6-E0970936F3C1}.Release|Any CPU.ActiveCfg = Release|Any CPU
		{08898D90-D9FB-4D18-B6E6-E0970936F3C1}.Release|Any CPU.Build.0 = Release|Any CPU
		{08898D90-D9FB-4D18-B6E6-E0970936F3C1}.Release|x64.ActiveCfg = Release|Any CPU
		{08898D90-D9FB-4D18-B6E6-E0970936F3C1}.Release|x64.Build.0 = Release|Any CPU
		{08898D90-D9FB-4D18-B6E6-E0970936F3C1}.Release|x86.ActiveCfg = Release|Any CPU
		{08898D90-D9FB-4D18-B6E6-E0970936F3C1}.Release|x86.Build.0 = Release|Any CPU
		{5F26D5BF-1B07-49F5-8D92-569E48A56BB6}.Debug|Any CPU.ActiveCfg = Debug|Any CPU
		{5F26D5BF-1B07-49F5-8D92-569E48A56BB6}.Debug|Any CPU.Build.0 = Debug|Any CPU
		{5F26D5BF-1B07-49F5-8D92-569E48A56BB6}.Debug|x64.ActiveCfg = Debug|Any CPU
		{5F26D5BF-1B07-49F5-8D92-569E48A56BB6}.Debug|x64.Build.0 = Debug|Any CPU
		{5F26D5BF-1B07-49F5-8D92-569E48A56BB6}.Debug|x86.ActiveCfg = Debug|Any CPU
		{5F26D5BF-1B07-49F5-8D92-569E48A56BB6}.Debug|x86.Build.0 = Debug|Any CPU
		{5F26D5BF-1B07-49F5-8D92-569E48A56BB6}.Release|Any CPU.ActiveCfg = Release|Any CPU
		{5F26D5BF-1B07-49F5-8D92-569E48A56BB6}.Release|Any CPU.Build.0 = Release|Any CPU
		{5F26D5BF-1B07-49F5-8D92-569E48A56BB6}.Release|x64.ActiveCfg = Release|Any CPU
		{5F26D5BF-1B07-49F5-8D92-569E48A56BB6}.Release|x64.Build.0 = Release|Any CPU
		{5F26D5BF-1B07-49F5-8D92-569E48A56BB6}.Release|x86.ActiveCfg = Release|Any CPU
		{5F26D5BF-1B07-49F5-8D92-569E48A56BB6}.Release|x86.Build.0 = Release|Any CPU
		{D81C8F24-B2B7-43A3-A051-BCEC4F06A67C}.Debug|Any CPU.ActiveCfg = Debug|Any CPU
		{D81C8F24-B2B7-43A3-A051-BCEC4F06A67C}.Debug|Any CPU.Build.0 = Debug|Any CPU
		{D81C8F24-B2B7-43A3-A051-BCEC4F06A67C}.Debug|x64.ActiveCfg = Debug|Any CPU
		{D81C8F24-B2B7-43A3-A051-BCEC4F06A67C}.Debug|x64.Build.0 = Debug|Any CPU
		{D81C8F24-B2B7-43A3-A051-BCEC4F06A67C}.Debug|x86.ActiveCfg = Debug|Any CPU
		{D81C8F24-B2B7-43A3-A051-BCEC4F06A67C}.Debug|x86.Build.0 = Debug|Any CPU
		{D81C8F24-B2B7-43A3-A051-BCEC4F06A67C}.Release|Any CPU.ActiveCfg = Release|Any CPU
		{D81C8F24-B2B7-43A3-A051-BCEC4F06A67C}.Release|Any CPU.Build.0 = Release|Any CPU
		{D81C8F24-B2B7-43A3-A051-BCEC4F06A67C}.Release|x64.ActiveCfg = Release|Any CPU
		{D81C8F24-B2B7-43A3-A051-BCEC4F06A67C}.Release|x64.Build.0 = Release|Any CPU
		{D81C8F24-B2B7-43A3-A051-BCEC4F06A67C}.Release|x86.ActiveCfg = Release|Any CPU
		{D81C8F24-B2B7-43A3-A051-BCEC4F06A67C}.Release|x86.Build.0 = Release|Any CPU
		{49F7E31D-7374-472C-8D84-98ABD35A34C6}.Debug|Any CPU.ActiveCfg = Debug|Any CPU
		{49F7E31D-7374-472C-8D84-98ABD35A34C6}.Debug|Any CPU.Build.0 = Debug|Any CPU
		{49F7E31D-7374-472C-8D84-98ABD35A34C6}.Debug|x64.ActiveCfg = Debug|Any CPU
		{49F7E31D-7374-472C-8D84-98ABD35A34C6}.Debug|x64.Build.0 = Debug|Any CPU
		{49F7E31D-7374-472C-8D84-98ABD35A34C6}.Debug|x86.ActiveCfg = Debug|Any CPU
		{49F7E31D-7374-472C-8D84-98ABD35A34C6}.Debug|x86.Build.0 = Debug|Any CPU
		{49F7E31D-7374-472C-8D84-98ABD35A34C6}.Release|Any CPU.ActiveCfg = Release|Any CPU
		{49F7E31D-7374-472C-8D84-98ABD35A34C6}.Release|Any CPU.Build.0 = Release|Any CPU
		{49F7E31D-7374-472C-8D84-98ABD35A34C6}.Release|x64.ActiveCfg = Release|Any CPU
		{49F7E31D-7374-472C-8D84-98ABD35A34C6}.Release|x64.Build.0 = Release|Any CPU
		{49F7E31D-7374-472C-8D84-98ABD35A34C6}.Release|x86.ActiveCfg = Release|Any CPU
		{49F7E31D-7374-472C-8D84-98ABD35A34C6}.Release|x86.Build.0 = Release|Any CPU
		{60482A94-8EA9-4EBA-9ACA-27FA3EBE28D9}.Debug|Any CPU.ActiveCfg = Debug|Any CPU
		{60482A94-8EA9-4EBA-9ACA-27FA3EBE28D9}.Debug|Any CPU.Build.0 = Debug|Any CPU
		{60482A94-8EA9-4EBA-9ACA-27FA3EBE28D9}.Debug|x64.ActiveCfg = Debug|Any CPU
		{60482A94-8EA9-4EBA-9ACA-27FA3EBE28D9}.Debug|x64.Build.0 = Debug|Any CPU
		{60482A94-8EA9-4EBA-9ACA-27FA3EBE28D9}.Debug|x86.ActiveCfg = Debug|Any CPU
		{60482A94-8EA9-4EBA-9ACA-27FA3EBE28D9}.Debug|x86.Build.0 = Debug|Any CPU
		{60482A94-8EA9-4EBA-9ACA-27FA3EBE28D9}.Release|Any CPU.ActiveCfg = Release|Any CPU
		{60482A94-8EA9-4EBA-9ACA-27FA3EBE28D9}.Release|Any CPU.Build.0 = Release|Any CPU
		{60482A94-8EA9-4EBA-9ACA-27FA3EBE28D9}.Release|x64.ActiveCfg = Release|Any CPU
		{60482A94-8EA9-4EBA-9ACA-27FA3EBE28D9}.Release|x64.Build.0 = Release|Any CPU
		{60482A94-8EA9-4EBA-9ACA-27FA3EBE28D9}.Release|x86.ActiveCfg = Release|Any CPU
		{60482A94-8EA9-4EBA-9ACA-27FA3EBE28D9}.Release|x86.Build.0 = Release|Any CPU
		{76452A50-132C-48BD-9620-65666DFAB1E2}.Debug|Any CPU.ActiveCfg = Debug|Any CPU
		{76452A50-132C-48BD-9620-65666DFAB1E2}.Debug|Any CPU.Build.0 = Debug|Any CPU
		{76452A50-132C-48BD-9620-65666DFAB1E2}.Debug|x64.ActiveCfg = Debug|Any CPU
		{76452A50-132C-48BD-9620-65666DFAB1E2}.Debug|x64.Build.0 = Debug|Any CPU
		{76452A50-132C-48BD-9620-65666DFAB1E2}.Debug|x86.ActiveCfg = Debug|Any CPU
		{76452A50-132C-48BD-9620-65666DFAB1E2}.Debug|x86.Build.0 = Debug|Any CPU
		{76452A50-132C-48BD-9620-65666DFAB1E2}.Release|Any CPU.ActiveCfg = Release|Any CPU
		{76452A50-132C-48BD-9620-65666DFAB1E2}.Release|Any CPU.Build.0 = Release|Any CPU
		{76452A50-132C-48BD-9620-65666DFAB1E2}.Release|x64.ActiveCfg = Release|Any CPU
		{76452A50-132C-48BD-9620-65666DFAB1E2}.Release|x64.Build.0 = Release|Any CPU
		{76452A50-132C-48BD-9620-65666DFAB1E2}.Release|x86.ActiveCfg = Release|Any CPU
		{76452A50-132C-48BD-9620-65666DFAB1E2}.Release|x86.Build.0 = Release|Any CPU
		{616FB354-5050-4882-8697-571B76AEFCAF}.Debug|Any CPU.ActiveCfg = Debug|Any CPU
		{616FB354-5050-4882-8697-571B76AEFCAF}.Debug|Any CPU.Build.0 = Debug|Any CPU
		{616FB354-5050-4882-8697-571B76AEFCAF}.Debug|x64.ActiveCfg = Debug|Any CPU
		{616FB354-5050-4882-8697-571B76AEFCAF}.Debug|x64.Build.0 = Debug|Any CPU
		{616FB354-5050-4882-8697-571B76AEFCAF}.Debug|x86.ActiveCfg = Debug|Any CPU
		{616FB354-5050-4882-8697-571B76AEFCAF}.Debug|x86.Build.0 = Debug|Any CPU
		{616FB354-5050-4882-8697-571B76AEFCAF}.Release|Any CPU.ActiveCfg = Release|Any CPU
		{616FB354-5050-4882-8697-571B76AEFCAF}.Release|Any CPU.Build.0 = Release|Any CPU
		{616FB354-5050-4882-8697-571B76AEFCAF}.Release|x64.ActiveCfg = Release|Any CPU
		{616FB354-5050-4882-8697-571B76AEFCAF}.Release|x64.Build.0 = Release|Any CPU
		{616FB354-5050-4882-8697-571B76AEFCAF}.Release|x86.ActiveCfg = Release|Any CPU
		{616FB354-5050-4882-8697-571B76AEFCAF}.Release|x86.Build.0 = Release|Any CPU
		{41742879-C0DC-4957-A274-B7C5A68E7B13}.Debug|Any CPU.ActiveCfg = Debug|Any CPU
		{41742879-C0DC-4957-A274-B7C5A68E7B13}.Debug|Any CPU.Build.0 = Debug|Any CPU
		{41742879-C0DC-4957-A274-B7C5A68E7B13}.Debug|x64.ActiveCfg = Debug|Any CPU
		{41742879-C0DC-4957-A274-B7C5A68E7B13}.Debug|x64.Build.0 = Debug|Any CPU
		{41742879-C0DC-4957-A274-B7C5A68E7B13}.Debug|x86.ActiveCfg = Debug|Any CPU
		{41742879-C0DC-4957-A274-B7C5A68E7B13}.Debug|x86.Build.0 = Debug|Any CPU
		{41742879-C0DC-4957-A274-B7C5A68E7B13}.Release|Any CPU.ActiveCfg = Release|Any CPU
		{41742879-C0DC-4957-A274-B7C5A68E7B13}.Release|Any CPU.Build.0 = Release|Any CPU
		{41742879-C0DC-4957-A274-B7C5A68E7B13}.Release|x64.ActiveCfg = Release|Any CPU
		{41742879-C0DC-4957-A274-B7C5A68E7B13}.Release|x64.Build.0 = Release|Any CPU
		{41742879-C0DC-4957-A274-B7C5A68E7B13}.Release|x86.ActiveCfg = Release|Any CPU
		{41742879-C0DC-4957-A274-B7C5A68E7B13}.Release|x86.Build.0 = Release|Any CPU
		{E6B0A047-6FF0-4E6E-833D-D2777450FCE4}.Debug|Any CPU.ActiveCfg = Debug|Any CPU
		{E6B0A047-6FF0-4E6E-833D-D2777450FCE4}.Debug|Any CPU.Build.0 = Debug|Any CPU
		{E6B0A047-6FF0-4E6E-833D-D2777450FCE4}.Debug|x64.ActiveCfg = Debug|Any CPU
		{E6B0A047-6FF0-4E6E-833D-D2777450FCE4}.Debug|x64.Build.0 = Debug|Any CPU
		{E6B0A047-6FF0-4E6E-833D-D2777450FCE4}.Debug|x86.ActiveCfg = Debug|Any CPU
		{E6B0A047-6FF0-4E6E-833D-D2777450FCE4}.Debug|x86.Build.0 = Debug|Any CPU
		{E6B0A047-6FF0-4E6E-833D-D2777450FCE4}.Release|Any CPU.ActiveCfg = Release|Any CPU
		{E6B0A047-6FF0-4E6E-833D-D2777450FCE4}.Release|Any CPU.Build.0 = Release|Any CPU
		{E6B0A047-6FF0-4E6E-833D-D2777450FCE4}.Release|x64.ActiveCfg = Release|Any CPU
		{E6B0A047-6FF0-4E6E-833D-D2777450FCE4}.Release|x64.Build.0 = Release|Any CPU
		{E6B0A047-6FF0-4E6E-833D-D2777450FCE4}.Release|x86.ActiveCfg = Release|Any CPU
		{E6B0A047-6FF0-4E6E-833D-D2777450FCE4}.Release|x86.Build.0 = Release|Any CPU
		{B1901DFF-F36C-4836-9054-B451D0A615E3}.Debug|Any CPU.ActiveCfg = Debug|Any CPU
		{B1901DFF-F36C-4836-9054-B451D0A615E3}.Debug|Any CPU.Build.0 = Debug|Any CPU
		{B1901DFF-F36C-4836-9054-B451D0A615E3}.Debug|x64.ActiveCfg = Debug|Any CPU
		{B1901DFF-F36C-4836-9054-B451D0A615E3}.Debug|x64.Build.0 = Debug|Any CPU
		{B1901DFF-F36C-4836-9054-B451D0A615E3}.Debug|x86.ActiveCfg = Debug|Any CPU
		{B1901DFF-F36C-4836-9054-B451D0A615E3}.Debug|x86.Build.0 = Debug|Any CPU
		{B1901DFF-F36C-4836-9054-B451D0A615E3}.Release|Any CPU.ActiveCfg = Release|Any CPU
		{B1901DFF-F36C-4836-9054-B451D0A615E3}.Release|Any CPU.Build.0 = Release|Any CPU
		{B1901DFF-F36C-4836-9054-B451D0A615E3}.Release|x64.ActiveCfg = Release|Any CPU
		{B1901DFF-F36C-4836-9054-B451D0A615E3}.Release|x64.Build.0 = Release|Any CPU
		{B1901DFF-F36C-4836-9054-B451D0A615E3}.Release|x86.ActiveCfg = Release|Any CPU
		{B1901DFF-F36C-4836-9054-B451D0A615E3}.Release|x86.Build.0 = Release|Any CPU
		{E8E9E48F-082C-443E-8EC4-EF56118E76C7}.Debug|Any CPU.ActiveCfg = Debug|Any CPU
		{E8E9E48F-082C-443E-8EC4-EF56118E76C7}.Debug|Any CPU.Build.0 = Debug|Any CPU
		{E8E9E48F-082C-443E-8EC4-EF56118E76C7}.Debug|x64.ActiveCfg = Debug|Any CPU
		{E8E9E48F-082C-443E-8EC4-EF56118E76C7}.Debug|x64.Build.0 = Debug|Any CPU
		{E8E9E48F-082C-443E-8EC4-EF56118E76C7}.Debug|x86.ActiveCfg = Debug|Any CPU
		{E8E9E48F-082C-443E-8EC4-EF56118E76C7}.Debug|x86.Build.0 = Debug|Any CPU
		{E8E9E48F-082C-443E-8EC4-EF56118E76C7}.Release|Any CPU.ActiveCfg = Release|Any CPU
		{E8E9E48F-082C-443E-8EC4-EF56118E76C7}.Release|Any CPU.Build.0 = Release|Any CPU
		{E8E9E48F-082C-443E-8EC4-EF56118E76C7}.Release|x64.ActiveCfg = Release|Any CPU
		{E8E9E48F-082C-443E-8EC4-EF56118E76C7}.Release|x64.Build.0 = Release|Any CPU
		{E8E9E48F-082C-443E-8EC4-EF56118E76C7}.Release|x86.ActiveCfg = Release|Any CPU
		{E8E9E48F-082C-443E-8EC4-EF56118E76C7}.Release|x86.Build.0 = Release|Any CPU
		{1AA7D5F6-9BBD-4D39-8DC4-25F93AC82D67}.Debug|Any CPU.ActiveCfg = Debug|Any CPU
		{1AA7D5F6-9BBD-4D39-8DC4-25F93AC82D67}.Debug|Any CPU.Build.0 = Debug|Any CPU
		{1AA7D5F6-9BBD-4D39-8DC4-25F93AC82D67}.Debug|x64.ActiveCfg = Debug|Any CPU
		{1AA7D5F6-9BBD-4D39-8DC4-25F93AC82D67}.Debug|x64.Build.0 = Debug|Any CPU
		{1AA7D5F6-9BBD-4D39-8DC4-25F93AC82D67}.Debug|x86.ActiveCfg = Debug|Any CPU
		{1AA7D5F6-9BBD-4D39-8DC4-25F93AC82D67}.Debug|x86.Build.0 = Debug|Any CPU
		{1AA7D5F6-9BBD-4D39-8DC4-25F93AC82D67}.Release|Any CPU.ActiveCfg = Release|Any CPU
		{1AA7D5F6-9BBD-4D39-8DC4-25F93AC82D67}.Release|Any CPU.Build.0 = Release|Any CPU
		{1AA7D5F6-9BBD-4D39-8DC4-25F93AC82D67}.Release|x64.ActiveCfg = Release|Any CPU
		{1AA7D5F6-9BBD-4D39-8DC4-25F93AC82D67}.Release|x64.Build.0 = Release|Any CPU
		{1AA7D5F6-9BBD-4D39-8DC4-25F93AC82D67}.Release|x86.ActiveCfg = Release|Any CPU
		{1AA7D5F6-9BBD-4D39-8DC4-25F93AC82D67}.Release|x86.Build.0 = Release|Any CPU
		{1E7B4B12-FD7C-496A-B904-B61A3F4A4A22}.Debug|Any CPU.ActiveCfg = Debug|Any CPU
		{1E7B4B12-FD7C-496A-B904-B61A3F4A4A22}.Debug|Any CPU.Build.0 = Debug|Any CPU
		{1E7B4B12-FD7C-496A-B904-B61A3F4A4A22}.Debug|x64.ActiveCfg = Debug|Any CPU
		{1E7B4B12-FD7C-496A-B904-B61A3F4A4A22}.Debug|x64.Build.0 = Debug|Any CPU
		{1E7B4B12-FD7C-496A-B904-B61A3F4A4A22}.Debug|x86.ActiveCfg = Debug|Any CPU
		{1E7B4B12-FD7C-496A-B904-B61A3F4A4A22}.Debug|x86.Build.0 = Debug|Any CPU
		{1E7B4B12-FD7C-496A-B904-B61A3F4A4A22}.Release|Any CPU.ActiveCfg = Release|Any CPU
		{1E7B4B12-FD7C-496A-B904-B61A3F4A4A22}.Release|Any CPU.Build.0 = Release|Any CPU
		{1E7B4B12-FD7C-496A-B904-B61A3F4A4A22}.Release|x64.ActiveCfg = Release|Any CPU
		{1E7B4B12-FD7C-496A-B904-B61A3F4A4A22}.Release|x64.Build.0 = Release|Any CPU
		{1E7B4B12-FD7C-496A-B904-B61A3F4A4A22}.Release|x86.ActiveCfg = Release|Any CPU
		{1E7B4B12-FD7C-496A-B904-B61A3F4A4A22}.Release|x86.Build.0 = Release|Any CPU
		{6EBC831F-B51C-43F8-937D-62B0F157BFBA}.Debug|Any CPU.ActiveCfg = Debug|Any CPU
		{6EBC831F-B51C-43F8-937D-62B0F157BFBA}.Debug|Any CPU.Build.0 = Debug|Any CPU
		{6EBC831F-B51C-43F8-937D-62B0F157BFBA}.Debug|x64.ActiveCfg = Debug|Any CPU
		{6EBC831F-B51C-43F8-937D-62B0F157BFBA}.Debug|x64.Build.0 = Debug|Any CPU
		{6EBC831F-B51C-43F8-937D-62B0F157BFBA}.Debug|x86.ActiveCfg = Debug|Any CPU
		{6EBC831F-B51C-43F8-937D-62B0F157BFBA}.Debug|x86.Build.0 = Debug|Any CPU
		{6EBC831F-B51C-43F8-937D-62B0F157BFBA}.Release|Any CPU.ActiveCfg = Release|Any CPU
		{6EBC831F-B51C-43F8-937D-62B0F157BFBA}.Release|Any CPU.Build.0 = Release|Any CPU
		{6EBC831F-B51C-43F8-937D-62B0F157BFBA}.Release|x64.ActiveCfg = Release|Any CPU
		{6EBC831F-B51C-43F8-937D-62B0F157BFBA}.Release|x64.Build.0 = Release|Any CPU
		{6EBC831F-B51C-43F8-937D-62B0F157BFBA}.Release|x86.ActiveCfg = Release|Any CPU
		{6EBC831F-B51C-43F8-937D-62B0F157BFBA}.Release|x86.Build.0 = Release|Any CPU
		{3FB5407A-D049-4445-A8F8-1092EA119DF2}.Debug|Any CPU.ActiveCfg = Debug|Any CPU
		{3FB5407A-D049-4445-A8F8-1092EA119DF2}.Debug|Any CPU.Build.0 = Debug|Any CPU
		{3FB5407A-D049-4445-A8F8-1092EA119DF2}.Debug|x64.ActiveCfg = Debug|Any CPU
		{3FB5407A-D049-4445-A8F8-1092EA119DF2}.Debug|x64.Build.0 = Debug|Any CPU
		{3FB5407A-D049-4445-A8F8-1092EA119DF2}.Debug|x86.ActiveCfg = Debug|Any CPU
		{3FB5407A-D049-4445-A8F8-1092EA119DF2}.Debug|x86.Build.0 = Debug|Any CPU
		{3FB5407A-D049-4445-A8F8-1092EA119DF2}.Release|Any CPU.ActiveCfg = Release|Any CPU
		{3FB5407A-D049-4445-A8F8-1092EA119DF2}.Release|Any CPU.Build.0 = Release|Any CPU
		{3FB5407A-D049-4445-A8F8-1092EA119DF2}.Release|x64.ActiveCfg = Release|Any CPU
		{3FB5407A-D049-4445-A8F8-1092EA119DF2}.Release|x64.Build.0 = Release|Any CPU
		{3FB5407A-D049-4445-A8F8-1092EA119DF2}.Release|x86.ActiveCfg = Release|Any CPU
		{3FB5407A-D049-4445-A8F8-1092EA119DF2}.Release|x86.Build.0 = Release|Any CPU
		{8DB75B52-3694-4565-9180-8E4A45699419}.Debug|Any CPU.ActiveCfg = Debug|Any CPU
		{8DB75B52-3694-4565-9180-8E4A45699419}.Debug|Any CPU.Build.0 = Debug|Any CPU
		{8DB75B52-3694-4565-9180-8E4A45699419}.Debug|x64.ActiveCfg = Debug|Any CPU
		{8DB75B52-3694-4565-9180-8E4A45699419}.Debug|x64.Build.0 = Debug|Any CPU
		{8DB75B52-3694-4565-9180-8E4A45699419}.Debug|x86.ActiveCfg = Debug|Any CPU
		{8DB75B52-3694-4565-9180-8E4A45699419}.Debug|x86.Build.0 = Debug|Any CPU
		{8DB75B52-3694-4565-9180-8E4A45699419}.Release|Any CPU.ActiveCfg = Release|Any CPU
		{8DB75B52-3694-4565-9180-8E4A45699419}.Release|Any CPU.Build.0 = Release|Any CPU
		{8DB75B52-3694-4565-9180-8E4A45699419}.Release|x64.ActiveCfg = Release|Any CPU
		{8DB75B52-3694-4565-9180-8E4A45699419}.Release|x64.Build.0 = Release|Any CPU
		{8DB75B52-3694-4565-9180-8E4A45699419}.Release|x86.ActiveCfg = Release|Any CPU
		{8DB75B52-3694-4565-9180-8E4A45699419}.Release|x86.Build.0 = Release|Any CPU
		{D6C9106C-2485-46DA-9148-C9891B1C6C94}.Debug|Any CPU.ActiveCfg = Debug|Any CPU
		{D6C9106C-2485-46DA-9148-C9891B1C6C94}.Debug|Any CPU.Build.0 = Debug|Any CPU
		{D6C9106C-2485-46DA-9148-C9891B1C6C94}.Debug|x64.ActiveCfg = Debug|Any CPU
		{D6C9106C-2485-46DA-9148-C9891B1C6C94}.Debug|x64.Build.0 = Debug|Any CPU
		{D6C9106C-2485-46DA-9148-C9891B1C6C94}.Debug|x86.ActiveCfg = Debug|Any CPU
		{D6C9106C-2485-46DA-9148-C9891B1C6C94}.Debug|x86.Build.0 = Debug|Any CPU
		{D6C9106C-2485-46DA-9148-C9891B1C6C94}.Release|Any CPU.ActiveCfg = Release|Any CPU
		{D6C9106C-2485-46DA-9148-C9891B1C6C94}.Release|Any CPU.Build.0 = Release|Any CPU
		{D6C9106C-2485-46DA-9148-C9891B1C6C94}.Release|x64.ActiveCfg = Release|Any CPU
		{D6C9106C-2485-46DA-9148-C9891B1C6C94}.Release|x64.Build.0 = Release|Any CPU
		{D6C9106C-2485-46DA-9148-C9891B1C6C94}.Release|x86.ActiveCfg = Release|Any CPU
		{D6C9106C-2485-46DA-9148-C9891B1C6C94}.Release|x86.Build.0 = Release|Any CPU
		{A72558E3-8AF7-4BD1-8884-9C13ADC48DF2}.Debug|Any CPU.ActiveCfg = Debug|Any CPU
		{A72558E3-8AF7-4BD1-8884-9C13ADC48DF2}.Debug|Any CPU.Build.0 = Debug|Any CPU
		{A72558E3-8AF7-4BD1-8884-9C13ADC48DF2}.Debug|x64.ActiveCfg = Debug|Any CPU
		{A72558E3-8AF7-4BD1-8884-9C13ADC48DF2}.Debug|x64.Build.0 = Debug|Any CPU
		{A72558E3-8AF7-4BD1-8884-9C13ADC48DF2}.Debug|x86.ActiveCfg = Debug|Any CPU
		{A72558E3-8AF7-4BD1-8884-9C13ADC48DF2}.Debug|x86.Build.0 = Debug|Any CPU
		{A72558E3-8AF7-4BD1-8884-9C13ADC48DF2}.Release|Any CPU.ActiveCfg = Release|Any CPU
		{A72558E3-8AF7-4BD1-8884-9C13ADC48DF2}.Release|Any CPU.Build.0 = Release|Any CPU
		{A72558E3-8AF7-4BD1-8884-9C13ADC48DF2}.Release|x64.ActiveCfg = Release|Any CPU
		{A72558E3-8AF7-4BD1-8884-9C13ADC48DF2}.Release|x64.Build.0 = Release|Any CPU
		{A72558E3-8AF7-4BD1-8884-9C13ADC48DF2}.Release|x86.ActiveCfg = Release|Any CPU
		{A72558E3-8AF7-4BD1-8884-9C13ADC48DF2}.Release|x86.Build.0 = Release|Any CPU
		{B641FBCA-9307-4A9E-9D6B-94D49A8CC360}.Debug|Any CPU.ActiveCfg = Debug|Any CPU
		{B641FBCA-9307-4A9E-9D6B-94D49A8CC360}.Debug|Any CPU.Build.0 = Debug|Any CPU
		{B641FBCA-9307-4A9E-9D6B-94D49A8CC360}.Debug|x64.ActiveCfg = Debug|Any CPU
		{B641FBCA-9307-4A9E-9D6B-94D49A8CC360}.Debug|x64.Build.0 = Debug|Any CPU
		{B641FBCA-9307-4A9E-9D6B-94D49A8CC360}.Debug|x86.ActiveCfg = Debug|Any CPU
		{B641FBCA-9307-4A9E-9D6B-94D49A8CC360}.Debug|x86.Build.0 = Debug|Any CPU
		{B641FBCA-9307-4A9E-9D6B-94D49A8CC360}.Release|Any CPU.ActiveCfg = Release|Any CPU
		{B641FBCA-9307-4A9E-9D6B-94D49A8CC360}.Release|Any CPU.Build.0 = Release|Any CPU
		{B641FBCA-9307-4A9E-9D6B-94D49A8CC360}.Release|x64.ActiveCfg = Release|Any CPU
		{B641FBCA-9307-4A9E-9D6B-94D49A8CC360}.Release|x64.Build.0 = Release|Any CPU
		{B641FBCA-9307-4A9E-9D6B-94D49A8CC360}.Release|x86.ActiveCfg = Release|Any CPU
		{B641FBCA-9307-4A9E-9D6B-94D49A8CC360}.Release|x86.Build.0 = Release|Any CPU
		{C67A08FC-0A70-404B-96EA-2CFFDA8BCAB4}.Debug|Any CPU.ActiveCfg = Debug|Any CPU
		{C67A08FC-0A70-404B-96EA-2CFFDA8BCAB4}.Debug|Any CPU.Build.0 = Debug|Any CPU
		{C67A08FC-0A70-404B-96EA-2CFFDA8BCAB4}.Debug|x64.ActiveCfg = Debug|Any CPU
		{C67A08FC-0A70-404B-96EA-2CFFDA8BCAB4}.Debug|x64.Build.0 = Debug|Any CPU
		{C67A08FC-0A70-404B-96EA-2CFFDA8BCAB4}.Debug|x86.ActiveCfg = Debug|Any CPU
		{C67A08FC-0A70-404B-96EA-2CFFDA8BCAB4}.Debug|x86.Build.0 = Debug|Any CPU
		{C67A08FC-0A70-404B-96EA-2CFFDA8BCAB4}.Release|Any CPU.ActiveCfg = Release|Any CPU
		{C67A08FC-0A70-404B-96EA-2CFFDA8BCAB4}.Release|Any CPU.Build.0 = Release|Any CPU
		{C67A08FC-0A70-404B-96EA-2CFFDA8BCAB4}.Release|x64.ActiveCfg = Release|Any CPU
		{C67A08FC-0A70-404B-96EA-2CFFDA8BCAB4}.Release|x64.Build.0 = Release|Any CPU
		{C67A08FC-0A70-404B-96EA-2CFFDA8BCAB4}.Release|x86.ActiveCfg = Release|Any CPU
		{C67A08FC-0A70-404B-96EA-2CFFDA8BCAB4}.Release|x86.Build.0 = Release|Any CPU
		{DF354CDA-04AA-4EC0-9FE6-46D548CE7F36}.Debug|Any CPU.ActiveCfg = Debug|Any CPU
		{DF354CDA-04AA-4EC0-9FE6-46D548CE7F36}.Debug|Any CPU.Build.0 = Debug|Any CPU
		{DF354CDA-04AA-4EC0-9FE6-46D548CE7F36}.Debug|x64.ActiveCfg = Debug|Any CPU
		{DF354CDA-04AA-4EC0-9FE6-46D548CE7F36}.Debug|x64.Build.0 = Debug|Any CPU
		{DF354CDA-04AA-4EC0-9FE6-46D548CE7F36}.Debug|x86.ActiveCfg = Debug|Any CPU
		{DF354CDA-04AA-4EC0-9FE6-46D548CE7F36}.Debug|x86.Build.0 = Debug|Any CPU
		{DF354CDA-04AA-4EC0-9FE6-46D548CE7F36}.Release|Any CPU.ActiveCfg = Release|Any CPU
		{DF354CDA-04AA-4EC0-9FE6-46D548CE7F36}.Release|Any CPU.Build.0 = Release|Any CPU
		{DF354CDA-04AA-4EC0-9FE6-46D548CE7F36}.Release|x64.ActiveCfg = Release|Any CPU
		{DF354CDA-04AA-4EC0-9FE6-46D548CE7F36}.Release|x64.Build.0 = Release|Any CPU
		{DF354CDA-04AA-4EC0-9FE6-46D548CE7F36}.Release|x86.ActiveCfg = Release|Any CPU
		{DF354CDA-04AA-4EC0-9FE6-46D548CE7F36}.Release|x86.Build.0 = Release|Any CPU
		{5673D018-4282-41C0-991F-0B64AFA6AD38}.Debug|Any CPU.ActiveCfg = Debug|Any CPU
		{5673D018-4282-41C0-991F-0B64AFA6AD38}.Debug|Any CPU.Build.0 = Debug|Any CPU
		{5673D018-4282-41C0-991F-0B64AFA6AD38}.Debug|x64.ActiveCfg = Debug|Any CPU
		{5673D018-4282-41C0-991F-0B64AFA6AD38}.Debug|x64.Build.0 = Debug|Any CPU
		{5673D018-4282-41C0-991F-0B64AFA6AD38}.Debug|x86.ActiveCfg = Debug|Any CPU
		{5673D018-4282-41C0-991F-0B64AFA6AD38}.Debug|x86.Build.0 = Debug|Any CPU
		{5673D018-4282-41C0-991F-0B64AFA6AD38}.Release|Any CPU.ActiveCfg = Release|Any CPU
		{5673D018-4282-41C0-991F-0B64AFA6AD38}.Release|Any CPU.Build.0 = Release|Any CPU
		{5673D018-4282-41C0-991F-0B64AFA6AD38}.Release|x64.ActiveCfg = Release|Any CPU
		{5673D018-4282-41C0-991F-0B64AFA6AD38}.Release|x64.Build.0 = Release|Any CPU
		{5673D018-4282-41C0-991F-0B64AFA6AD38}.Release|x86.ActiveCfg = Release|Any CPU
		{5673D018-4282-41C0-991F-0B64AFA6AD38}.Release|x86.Build.0 = Release|Any CPU
	EndGlobalSection
	GlobalSection(NestedProjects) = preSolution
		{0963B434-4266-4337-A3B9-0FA78CECDD66} = {956F79F9-E3EA-4896-9465-D0A066810939}
		{203C0F0F-D20E-44A5-A90E-B0A46EB2C27F} = {750A408B-D4A3-45F8-8D6D-C172679EFF32}
		{18AA4097-F859-4851-A265-E431D69FD6E8} = {750A408B-D4A3-45F8-8D6D-C172679EFF32}
		{26303C4D-3C0A-4291-82E5-3053131A65BA} = {750A408B-D4A3-45F8-8D6D-C172679EFF32}
		{2B79383F-C843-4F35-AD41-FD3B014E47B1} = {750A408B-D4A3-45F8-8D6D-C172679EFF32}
		{9B36E68C-007A-4911-B6CC-131989BC02AB} = {956F79F9-E3EA-4896-9465-D0A066810939}
		{BB69AF5A-9A4A-4EF9-9804-33025BC687F5} = {9B36E68C-007A-4911-B6CC-131989BC02AB}
		{4D4A05E6-4527-43A6-85A0-BCF1171BF152} = {9B36E68C-007A-4911-B6CC-131989BC02AB}
		{246B96A8-D59E-43FC-B2DD-90FF24C4D1B6} = {9B36E68C-007A-4911-B6CC-131989BC02AB}
		{55E03A2F-3731-4523-A32C-CD9B1982E7A0} = {750A408B-D4A3-45F8-8D6D-C172679EFF32}
		{941E314A-2594-4A74-AE65-1087557993B5} = {750A408B-D4A3-45F8-8D6D-C172679EFF32}
		{6F5F0BAF-21B7-4654-BEFC-287844026066} = {750A408B-D4A3-45F8-8D6D-C172679EFF32}
		{E70808CD-66D3-4223-9CCB-9F9B90010FA5} = {956F79F9-E3EA-4896-9465-D0A066810939}
		{731B34E5-4EA9-47AC-BD20-BABA5A0E2318} = {E70808CD-66D3-4223-9CCB-9F9B90010FA5}
		{63897EFC-0FC8-4763-A2EB-23BC7B22DB20} = {E70808CD-66D3-4223-9CCB-9F9B90010FA5}
		{760A2B9E-AF5B-432F-B2B1-71D99D232BE1} = {E70808CD-66D3-4223-9CCB-9F9B90010FA5}
		{1D779A6A-E89B-48A5-AD21-0090FCA1E63D} = {E70808CD-66D3-4223-9CCB-9F9B90010FA5}
		{08898D90-D9FB-4D18-B6E6-E0970936F3C1} = {1D779A6A-E89B-48A5-AD21-0090FCA1E63D}
		{532FBCA4-722D-4B4A-AFE9-4DB4FB6B4475} = {1D779A6A-E89B-48A5-AD21-0090FCA1E63D}
		{5F26D5BF-1B07-49F5-8D92-569E48A56BB6} = {532FBCA4-722D-4B4A-AFE9-4DB4FB6B4475}
		{D81C8F24-B2B7-43A3-A051-BCEC4F06A67C} = {E70808CD-66D3-4223-9CCB-9F9B90010FA5}
		{49F7E31D-7374-472C-8D84-98ABD35A34C6} = {E70808CD-66D3-4223-9CCB-9F9B90010FA5}
		{B9021622-24AB-47E2-B8F1-703D793FAA69} = {E70808CD-66D3-4223-9CCB-9F9B90010FA5}
		{60482A94-8EA9-4EBA-9ACA-27FA3EBE28D9} = {B9021622-24AB-47E2-B8F1-703D793FAA69}
		{76452A50-132C-48BD-9620-65666DFAB1E2} = {B9021622-24AB-47E2-B8F1-703D793FAA69}
		{D79A8931-E6D1-49F7-914F-B4BBF8BB9762} = {E70808CD-66D3-4223-9CCB-9F9B90010FA5}
		{616FB354-5050-4882-8697-571B76AEFCAF} = {D79A8931-E6D1-49F7-914F-B4BBF8BB9762}
		{41742879-C0DC-4957-A274-B7C5A68E7B13} = {D79A8931-E6D1-49F7-914F-B4BBF8BB9762}
		{E6B0A047-6FF0-4E6E-833D-D2777450FCE4} = {D79A8931-E6D1-49F7-914F-B4BBF8BB9762}
		{166EB0E4-C4E5-4F55-B59D-EEBFCA53F5BB} = {956F79F9-E3EA-4896-9465-D0A066810939}
		{B1901DFF-F36C-4836-9054-B451D0A615E3} = {166EB0E4-C4E5-4F55-B59D-EEBFCA53F5BB}
		{E8E9E48F-082C-443E-8EC4-EF56118E76C7} = {166EB0E4-C4E5-4F55-B59D-EEBFCA53F5BB}
		{1AA7D5F6-9BBD-4D39-8DC4-25F93AC82D67} = {166EB0E4-C4E5-4F55-B59D-EEBFCA53F5BB}
		{1E7B4B12-FD7C-496A-B904-B61A3F4A4A22} = {956F79F9-E3EA-4896-9465-D0A066810939}
		{6EBC831F-B51C-43F8-937D-62B0F157BFBA} = {956F79F9-E3EA-4896-9465-D0A066810939}
		{3FB5407A-D049-4445-A8F8-1092EA119DF2} = {956F79F9-E3EA-4896-9465-D0A066810939}
		{8DB75B52-3694-4565-9180-8E4A45699419} = {956F79F9-E3EA-4896-9465-D0A066810939}
		{D6C9106C-2485-46DA-9148-C9891B1C6C94} = {956F79F9-E3EA-4896-9465-D0A066810939}
		{A72558E3-8AF7-4BD1-8884-9C13ADC48DF2} = {956F79F9-E3EA-4896-9465-D0A066810939}
		{B641FBCA-9307-4A9E-9D6B-94D49A8CC360} = {956F79F9-E3EA-4896-9465-D0A066810939}
		{C67A08FC-0A70-404B-96EA-2CFFDA8BCAB4} = {956F79F9-E3EA-4896-9465-D0A066810939}
		{DF354CDA-04AA-4EC0-9FE6-46D548CE7F36} = {956F79F9-E3EA-4896-9465-D0A066810939}
		{5673D018-4282-41C0-991F-0B64AFA6AD38} = {750A408B-D4A3-45F8-8D6D-C172679EFF32}
	EndGlobalSection
EndGlobal
