
Microsoft Visual Studio Solution File, Format Version 12.00
#
Project("{2150E333-8FDC-42A3-9474-1A3956D46DE8}") = "src", "src", "{956F79F9-E3EA-4896-9465-D0A066810939}"
EndProject
Project("{FAE04EC0-301F-11D3-BF4B-00C04F79EFBC}") = "TaskFlux.Host", "src\TaskFlux.Host\TaskFlux.Host.csproj", "{0963B434-4266-4337-A3B9-0FA78CECDD66}"
EndProject
Project("{2150E333-8FDC-42A3-9474-1A3956D46DE8}") = "tests", "tests", "{750A408B-D4A3-45F8-8D6D-C172679EFF32}"
EndProject
Project("{FAE04EC0-301F-11D3-BF4B-00C04F79EFBC}") = "TaskFlux.Consensus.Tests", "tests\TaskFlux.Consensus.Tests\TaskFlux.Consensus.Tests.csproj", "{203C0F0F-D20E-44A5-A90E-B0A46EB2C27F}"
EndProject
Project("{FAE04EC0-301F-11D3-BF4B-00C04F79EFBC}") = "TaskFlux.PriorityQueue.Tests", "tests\TaskFlux.PriorityQueue.Tests\TaskFlux.PriorityQueue.Tests.csproj", "{55E03A2F-3731-4523-A32C-CD9B1982E7A0}"
EndProject
Project("{FAE04EC0-301F-11D3-BF4B-00C04F79EFBC}") = "TaskFlux.Network.Tests", "tests\TaskFlux.Network.Tests\TaskFlux.Network.Tests.csproj", "{6F5F0BAF-21B7-4654-BEFC-287844026066}"
EndProject
Project("{FAE04EC0-301F-11D3-BF4B-00C04F79EFBC}") = "TaskFlux.Consensus", "src\Consensus\TaskFlux.Consensus\TaskFlux.Consensus.csproj", "{49F7E31D-7374-472C-8D84-98ABD35A34C6}"
EndProject
Project("{FAE04EC0-301F-11D3-BF4B-00C04F79EFBC}") = "TaskFlux.Transport.Http", "src\TaskFlux.Host.Modules\TaskFlux.Transport.Http\TaskFlux.Transport.Http.csproj", "{B1901DFF-F36C-4836-9054-B451D0A615E3}"
EndProject
Project("{FAE04EC0-301F-11D3-BF4B-00C04F79EFBC}") = "TaskFlux.Transport.Tcp", "src\TaskFlux.Host.Modules\TaskFlux.Transport.Tcp\TaskFlux.Transport.Tcp.csproj", "{1AA7D5F6-9BBD-4D39-8DC4-25F93AC82D67}"
EndProject
Project("{FAE04EC0-301F-11D3-BF4B-00C04F79EFBC}") = "TaskFlux.Core", "src\TaskFlux.Core\TaskFlux.Core.csproj", "{1E7B4B12-FD7C-496A-B904-B61A3F4A4A22}"
EndProject
Project("{FAE04EC0-301F-11D3-BF4B-00C04F79EFBC}") = "TaskFlux.Network", "src\TaskFlux.Network\TaskFlux.Network.csproj", "{6EBC831F-B51C-43F8-937D-62B0F157BFBA}"
EndProject
Project("{FAE04EC0-301F-11D3-BF4B-00C04F79EFBC}") = "TaskFlux.Application.Tests", "tests\TaskFlux.Application.Tests\TaskFlux.Application.Tests.csproj", "{236BA177-0897-40D8-BE31-21BEF53E0A7D}"
EndProject
Project("{2150E333-8FDC-42A3-9474-1A3956D46DE8}") = "samples", "samples", "{DF283B8B-9DB2-4182-ADEB-0991777FCF89}"
EndProject
Project("{FAE04EC0-301F-11D3-BF4B-00C04F79EFBC}") = "InteractiveConsole", "samples\InteractiveConsole\InteractiveConsole.csproj", "{F786632F-BB3C-486A-ACB0-1B0CEFF795CC}"
EndProject
Project("{FAE04EC0-301F-11D3-BF4B-00C04F79EFBC}") = "ConcurrentProducerConsumer", "samples\ConcurrentProducerConsumer\ConcurrentProducerConsumer.csproj", "{C11A0891-36A8-4F6B-93B7-95755EEB10DE}"
EndProject
Project("{FAE04EC0-301F-11D3-BF4B-00C04F79EFBC}") = "TaskFlux.Utils.Tests", "tests\TaskFlux.Utils.Tests\TaskFlux.Utils.Tests.csproj", "{9521FA14-3D1B-413E-848C-313F6C9E173F}"
EndProject
Project("{FAE04EC0-301F-11D3-BF4B-00C04F79EFBC}") = "TaskFlux.Core.Tests", "tests\TaskFlux.Core.Tests\TaskFlux.Core.Tests.csproj", "{54057E44-306F-4383-95FB-1E954EEA61DA}"
EndProject
Project("{FAE04EC0-301F-11D3-BF4B-00C04F79EFBC}") = "TaskFlux.PriorityQueue", "src\TaskFlux.PriorityQueue\TaskFlux.PriorityQueue.csproj", "{07805CDF-DFF2-4479-B876-B2453B76C032}"
EndProject
Project("{FAE04EC0-301F-11D3-BF4B-00C04F79EFBC}") = "TaskFlux.Client", "samples\TaskFlux.Client\TaskFlux.Client.csproj", "{D8087F47-4961-4FEE-ACA1-3D905C833C67}"
EndProject
Project("{FAE04EC0-301F-11D3-BF4B-00C04F79EFBC}") = "TaskFlux.Application", "src\TaskFlux.Application\TaskFlux.Application.csproj", "{BD11CA3C-3542-435F-8389-6BE2A3C9425D}"
EndProject
Project("{2150E333-8FDC-42A3-9474-1A3956D46DE8}") = "TaskFlux.Transport", "TaskFlux.Transport", "{6680C725-8DA0-446B-B3D2-6BA9B726FE0F}"
EndProject
Project("{FAE04EC0-301F-11D3-BF4B-00C04F79EFBC}") = "TaskFlux.Utils", "src\TaskFlux.Utils\TaskFlux.Utils.csproj", "{F580AD7D-7EFD-41ED-B75F-9945EBCDA48C}"
EndProject
Global
	GlobalSection(SolutionConfigurationPlatforms) = preSolution
		Debug|Any CPU = Debug|Any CPU
		Debug|x64 = Debug|x64
		Debug|x86 = Debug|x86
		Release|Any CPU = Release|Any CPU
		Release|x64 = Release|x64
		Release|x86 = Release|x86
	EndGlobalSection
	GlobalSection(ProjectConfigurationPlatforms) = postSolution
		{0963B434-4266-4337-A3B9-0FA78CECDD66}.Debug|Any CPU.ActiveCfg = Debug|Any CPU
		{0963B434-4266-4337-A3B9-0FA78CECDD66}.Debug|Any CPU.Build.0 = Debug|Any CPU
		{0963B434-4266-4337-A3B9-0FA78CECDD66}.Debug|x64.ActiveCfg = Debug|Any CPU
		{0963B434-4266-4337-A3B9-0FA78CECDD66}.Debug|x64.Build.0 = Debug|Any CPU
		{0963B434-4266-4337-A3B9-0FA78CECDD66}.Debug|x86.ActiveCfg = Debug|Any CPU
		{0963B434-4266-4337-A3B9-0FA78CECDD66}.Debug|x86.Build.0 = Debug|Any CPU
		{0963B434-4266-4337-A3B9-0FA78CECDD66}.Release|Any CPU.ActiveCfg = Release|Any CPU
		{0963B434-4266-4337-A3B9-0FA78CECDD66}.Release|Any CPU.Build.0 = Release|Any CPU
		{0963B434-4266-4337-A3B9-0FA78CECDD66}.Release|x64.ActiveCfg = Release|Any CPU
		{0963B434-4266-4337-A3B9-0FA78CECDD66}.Release|x64.Build.0 = Release|Any CPU
		{0963B434-4266-4337-A3B9-0FA78CECDD66}.Release|x86.ActiveCfg = Release|Any CPU
		{0963B434-4266-4337-A3B9-0FA78CECDD66}.Release|x86.Build.0 = Release|Any CPU
		{203C0F0F-D20E-44A5-A90E-B0A46EB2C27F}.Debug|Any CPU.ActiveCfg = Debug|Any CPU
		{203C0F0F-D20E-44A5-A90E-B0A46EB2C27F}.Debug|Any CPU.Build.0 = Debug|Any CPU
		{203C0F0F-D20E-44A5-A90E-B0A46EB2C27F}.Debug|x64.ActiveCfg = Debug|Any CPU
		{203C0F0F-D20E-44A5-A90E-B0A46EB2C27F}.Debug|x64.Build.0 = Debug|Any CPU
		{203C0F0F-D20E-44A5-A90E-B0A46EB2C27F}.Debug|x86.ActiveCfg = Debug|Any CPU
		{203C0F0F-D20E-44A5-A90E-B0A46EB2C27F}.Debug|x86.Build.0 = Debug|Any CPU
		{203C0F0F-D20E-44A5-A90E-B0A46EB2C27F}.Release|Any CPU.ActiveCfg = Release|Any CPU
		{203C0F0F-D20E-44A5-A90E-B0A46EB2C27F}.Release|Any CPU.Build.0 = Release|Any CPU
		{203C0F0F-D20E-44A5-A90E-B0A46EB2C27F}.Release|x64.ActiveCfg = Release|Any CPU
		{203C0F0F-D20E-44A5-A90E-B0A46EB2C27F}.Release|x64.Build.0 = Release|Any CPU
		{203C0F0F-D20E-44A5-A90E-B0A46EB2C27F}.Release|x86.ActiveCfg = Release|Any CPU
		{203C0F0F-D20E-44A5-A90E-B0A46EB2C27F}.Release|x86.Build.0 = Release|Any CPU
		{55E03A2F-3731-4523-A32C-CD9B1982E7A0}.Debug|Any CPU.ActiveCfg = Debug|Any CPU
		{55E03A2F-3731-4523-A32C-CD9B1982E7A0}.Debug|Any CPU.Build.0 = Debug|Any CPU
		{55E03A2F-3731-4523-A32C-CD9B1982E7A0}.Debug|x64.ActiveCfg = Debug|Any CPU
		{55E03A2F-3731-4523-A32C-CD9B1982E7A0}.Debug|x64.Build.0 = Debug|Any CPU
		{55E03A2F-3731-4523-A32C-CD9B1982E7A0}.Debug|x86.ActiveCfg = Debug|Any CPU
		{55E03A2F-3731-4523-A32C-CD9B1982E7A0}.Debug|x86.Build.0 = Debug|Any CPU
		{55E03A2F-3731-4523-A32C-CD9B1982E7A0}.Release|Any CPU.ActiveCfg = Release|Any CPU
		{55E03A2F-3731-4523-A32C-CD9B1982E7A0}.Release|Any CPU.Build.0 = Release|Any CPU
		{55E03A2F-3731-4523-A32C-CD9B1982E7A0}.Release|x64.ActiveCfg = Release|Any CPU
		{55E03A2F-3731-4523-A32C-CD9B1982E7A0}.Release|x64.Build.0 = Release|Any CPU
		{55E03A2F-3731-4523-A32C-CD9B1982E7A0}.Release|x86.ActiveCfg = Release|Any CPU
		{55E03A2F-3731-4523-A32C-CD9B1982E7A0}.Release|x86.Build.0 = Release|Any CPU
		{6F5F0BAF-21B7-4654-BEFC-287844026066}.Debug|Any CPU.ActiveCfg = Debug|Any CPU
		{6F5F0BAF-21B7-4654-BEFC-287844026066}.Debug|Any CPU.Build.0 = Debug|Any CPU
		{6F5F0BAF-21B7-4654-BEFC-287844026066}.Debug|x64.ActiveCfg = Debug|Any CPU
		{6F5F0BAF-21B7-4654-BEFC-287844026066}.Debug|x64.Build.0 = Debug|Any CPU
		{6F5F0BAF-21B7-4654-BEFC-287844026066}.Debug|x86.ActiveCfg = Debug|Any CPU
		{6F5F0BAF-21B7-4654-BEFC-287844026066}.Debug|x86.Build.0 = Debug|Any CPU
		{6F5F0BAF-21B7-4654-BEFC-287844026066}.Release|Any CPU.ActiveCfg = Release|Any CPU
		{6F5F0BAF-21B7-4654-BEFC-287844026066}.Release|Any CPU.Build.0 = Release|Any CPU
		{6F5F0BAF-21B7-4654-BEFC-287844026066}.Release|x64.ActiveCfg = Release|Any CPU
		{6F5F0BAF-21B7-4654-BEFC-287844026066}.Release|x64.Build.0 = Release|Any CPU
		{6F5F0BAF-21B7-4654-BEFC-287844026066}.Release|x86.ActiveCfg = Release|Any CPU
		{6F5F0BAF-21B7-4654-BEFC-287844026066}.Release|x86.Build.0 = Release|Any CPU
		{49F7E31D-7374-472C-8D84-98ABD35A34C6}.Debug|Any CPU.ActiveCfg = Debug|Any CPU
		{49F7E31D-7374-472C-8D84-98ABD35A34C6}.Debug|Any CPU.Build.0 = Debug|Any CPU
		{49F7E31D-7374-472C-8D84-98ABD35A34C6}.Debug|x64.ActiveCfg = Debug|Any CPU
		{49F7E31D-7374-472C-8D84-98ABD35A34C6}.Debug|x64.Build.0 = Debug|Any CPU
		{49F7E31D-7374-472C-8D84-98ABD35A34C6}.Debug|x86.ActiveCfg = Debug|Any CPU
		{49F7E31D-7374-472C-8D84-98ABD35A34C6}.Debug|x86.Build.0 = Debug|Any CPU
		{49F7E31D-7374-472C-8D84-98ABD35A34C6}.Release|Any CPU.ActiveCfg = Release|Any CPU
		{49F7E31D-7374-472C-8D84-98ABD35A34C6}.Release|Any CPU.Build.0 = Release|Any CPU
		{49F7E31D-7374-472C-8D84-98ABD35A34C6}.Release|x64.ActiveCfg = Release|Any CPU
		{49F7E31D-7374-472C-8D84-98ABD35A34C6}.Release|x64.Build.0 = Release|Any CPU
		{49F7E31D-7374-472C-8D84-98ABD35A34C6}.Release|x86.ActiveCfg = Release|Any CPU
		{49F7E31D-7374-472C-8D84-98ABD35A34C6}.Release|x86.Build.0 = Release|Any CPU
		{B1901DFF-F36C-4836-9054-B451D0A615E3}.Debug|Any CPU.ActiveCfg = Debug|Any CPU
		{B1901DFF-F36C-4836-9054-B451D0A615E3}.Debug|Any CPU.Build.0 = Debug|Any CPU
		{B1901DFF-F36C-4836-9054-B451D0A615E3}.Debug|x64.ActiveCfg = Debug|Any CPU
		{B1901DFF-F36C-4836-9054-B451D0A615E3}.Debug|x64.Build.0 = Debug|Any CPU
		{B1901DFF-F36C-4836-9054-B451D0A615E3}.Debug|x86.ActiveCfg = Debug|Any CPU
		{B1901DFF-F36C-4836-9054-B451D0A615E3}.Debug|x86.Build.0 = Debug|Any CPU
		{B1901DFF-F36C-4836-9054-B451D0A615E3}.Release|Any CPU.ActiveCfg = Release|Any CPU
		{B1901DFF-F36C-4836-9054-B451D0A615E3}.Release|Any CPU.Build.0 = Release|Any CPU
		{B1901DFF-F36C-4836-9054-B451D0A615E3}.Release|x64.ActiveCfg = Release|Any CPU
		{B1901DFF-F36C-4836-9054-B451D0A615E3}.Release|x64.Build.0 = Release|Any CPU
		{B1901DFF-F36C-4836-9054-B451D0A615E3}.Release|x86.ActiveCfg = Release|Any CPU
		{B1901DFF-F36C-4836-9054-B451D0A615E3}.Release|x86.Build.0 = Release|Any CPU
		{1AA7D5F6-9BBD-4D39-8DC4-25F93AC82D67}.Debug|Any CPU.ActiveCfg = Debug|Any CPU
		{1AA7D5F6-9BBD-4D39-8DC4-25F93AC82D67}.Debug|Any CPU.Build.0 = Debug|Any CPU
		{1AA7D5F6-9BBD-4D39-8DC4-25F93AC82D67}.Debug|x64.ActiveCfg = Debug|Any CPU
		{1AA7D5F6-9BBD-4D39-8DC4-25F93AC82D67}.Debug|x64.Build.0 = Debug|Any CPU
		{1AA7D5F6-9BBD-4D39-8DC4-25F93AC82D67}.Debug|x86.ActiveCfg = Debug|Any CPU
		{1AA7D5F6-9BBD-4D39-8DC4-25F93AC82D67}.Debug|x86.Build.0 = Debug|Any CPU
		{1AA7D5F6-9BBD-4D39-8DC4-25F93AC82D67}.Release|Any CPU.ActiveCfg = Release|Any CPU
		{1AA7D5F6-9BBD-4D39-8DC4-25F93AC82D67}.Release|Any CPU.Build.0 = Release|Any CPU
		{1AA7D5F6-9BBD-4D39-8DC4-25F93AC82D67}.Release|x64.ActiveCfg = Release|Any CPU
		{1AA7D5F6-9BBD-4D39-8DC4-25F93AC82D67}.Release|x64.Build.0 = Release|Any CPU
		{1AA7D5F6-9BBD-4D39-8DC4-25F93AC82D67}.Release|x86.ActiveCfg = Release|Any CPU
		{1AA7D5F6-9BBD-4D39-8DC4-25F93AC82D67}.Release|x86.Build.0 = Release|Any CPU
		{1E7B4B12-FD7C-496A-B904-B61A3F4A4A22}.Debug|Any CPU.ActiveCfg = Debug|Any CPU
		{1E7B4B12-FD7C-496A-B904-B61A3F4A4A22}.Debug|Any CPU.Build.0 = Debug|Any CPU
		{1E7B4B12-FD7C-496A-B904-B61A3F4A4A22}.Debug|x64.ActiveCfg = Debug|Any CPU
		{1E7B4B12-FD7C-496A-B904-B61A3F4A4A22}.Debug|x64.Build.0 = Debug|Any CPU
		{1E7B4B12-FD7C-496A-B904-B61A3F4A4A22}.Debug|x86.ActiveCfg = Debug|Any CPU
		{1E7B4B12-FD7C-496A-B904-B61A3F4A4A22}.Debug|x86.Build.0 = Debug|Any CPU
		{1E7B4B12-FD7C-496A-B904-B61A3F4A4A22}.Release|Any CPU.ActiveCfg = Release|Any CPU
		{1E7B4B12-FD7C-496A-B904-B61A3F4A4A22}.Release|Any CPU.Build.0 = Release|Any CPU
		{1E7B4B12-FD7C-496A-B904-B61A3F4A4A22}.Release|x64.ActiveCfg = Release|Any CPU
		{1E7B4B12-FD7C-496A-B904-B61A3F4A4A22}.Release|x64.Build.0 = Release|Any CPU
		{1E7B4B12-FD7C-496A-B904-B61A3F4A4A22}.Release|x86.ActiveCfg = Release|Any CPU
		{1E7B4B12-FD7C-496A-B904-B61A3F4A4A22}.Release|x86.Build.0 = Release|Any CPU
		{6EBC831F-B51C-43F8-937D-62B0F157BFBA}.Debug|Any CPU.ActiveCfg = Debug|Any CPU
		{6EBC831F-B51C-43F8-937D-62B0F157BFBA}.Debug|Any CPU.Build.0 = Debug|Any CPU
		{6EBC831F-B51C-43F8-937D-62B0F157BFBA}.Debug|x64.ActiveCfg = Debug|Any CPU
		{6EBC831F-B51C-43F8-937D-62B0F157BFBA}.Debug|x64.Build.0 = Debug|Any CPU
		{6EBC831F-B51C-43F8-937D-62B0F157BFBA}.Debug|x86.ActiveCfg = Debug|Any CPU
		{6EBC831F-B51C-43F8-937D-62B0F157BFBA}.Debug|x86.Build.0 = Debug|Any CPU
		{6EBC831F-B51C-43F8-937D-62B0F157BFBA}.Release|Any CPU.ActiveCfg = Release|Any CPU
		{6EBC831F-B51C-43F8-937D-62B0F157BFBA}.Release|Any CPU.Build.0 = Release|Any CPU
		{6EBC831F-B51C-43F8-937D-62B0F157BFBA}.Release|x64.ActiveCfg = Release|Any CPU
		{6EBC831F-B51C-43F8-937D-62B0F157BFBA}.Release|x64.Build.0 = Release|Any CPU
		{6EBC831F-B51C-43F8-937D-62B0F157BFBA}.Release|x86.ActiveCfg = Release|Any CPU
		{6EBC831F-B51C-43F8-937D-62B0F157BFBA}.Release|x86.Build.0 = Release|Any CPU
		{236BA177-0897-40D8-BE31-21BEF53E0A7D}.Debug|Any CPU.ActiveCfg = Debug|Any CPU
		{236BA177-0897-40D8-BE31-21BEF53E0A7D}.Debug|Any CPU.Build.0 = Debug|Any CPU
		{236BA177-0897-40D8-BE31-21BEF53E0A7D}.Debug|x64.ActiveCfg = Debug|Any CPU
		{236BA177-0897-40D8-BE31-21BEF53E0A7D}.Debug|x64.Build.0 = Debug|Any CPU
		{236BA177-0897-40D8-BE31-21BEF53E0A7D}.Debug|x86.ActiveCfg = Debug|Any CPU
		{236BA177-0897-40D8-BE31-21BEF53E0A7D}.Debug|x86.Build.0 = Debug|Any CPU
		{236BA177-0897-40D8-BE31-21BEF53E0A7D}.Release|Any CPU.ActiveCfg = Release|Any CPU
		{236BA177-0897-40D8-BE31-21BEF53E0A7D}.Release|Any CPU.Build.0 = Release|Any CPU
		{236BA177-0897-40D8-BE31-21BEF53E0A7D}.Release|x64.ActiveCfg = Release|Any CPU
		{236BA177-0897-40D8-BE31-21BEF53E0A7D}.Release|x64.Build.0 = Release|Any CPU
		{236BA177-0897-40D8-BE31-21BEF53E0A7D}.Release|x86.ActiveCfg = Release|Any CPU
		{236BA177-0897-40D8-BE31-21BEF53E0A7D}.Release|x86.Build.0 = Release|Any CPU
		{F786632F-BB3C-486A-ACB0-1B0CEFF795CC}.Debug|Any CPU.ActiveCfg = Debug|Any CPU
		{F786632F-BB3C-486A-ACB0-1B0CEFF795CC}.Debug|Any CPU.Build.0 = Debug|Any CPU
		{F786632F-BB3C-486A-ACB0-1B0CEFF795CC}.Debug|x64.ActiveCfg = Debug|Any CPU
		{F786632F-BB3C-486A-ACB0-1B0CEFF795CC}.Debug|x64.Build.0 = Debug|Any CPU
		{F786632F-BB3C-486A-ACB0-1B0CEFF795CC}.Debug|x86.ActiveCfg = Debug|Any CPU
		{F786632F-BB3C-486A-ACB0-1B0CEFF795CC}.Debug|x86.Build.0 = Debug|Any CPU
		{F786632F-BB3C-486A-ACB0-1B0CEFF795CC}.Release|Any CPU.ActiveCfg = Release|Any CPU
		{F786632F-BB3C-486A-ACB0-1B0CEFF795CC}.Release|Any CPU.Build.0 = Release|Any CPU
		{F786632F-BB3C-486A-ACB0-1B0CEFF795CC}.Release|x64.ActiveCfg = Release|Any CPU
		{F786632F-BB3C-486A-ACB0-1B0CEFF795CC}.Release|x64.Build.0 = Release|Any CPU
		{F786632F-BB3C-486A-ACB0-1B0CEFF795CC}.Release|x86.ActiveCfg = Release|Any CPU
		{F786632F-BB3C-486A-ACB0-1B0CEFF795CC}.Release|x86.Build.0 = Release|Any CPU
		{C11A0891-36A8-4F6B-93B7-95755EEB10DE}.Debug|Any CPU.ActiveCfg = Debug|Any CPU
		{C11A0891-36A8-4F6B-93B7-95755EEB10DE}.Debug|Any CPU.Build.0 = Debug|Any CPU
		{C11A0891-36A8-4F6B-93B7-95755EEB10DE}.Debug|x64.ActiveCfg = Debug|Any CPU
		{C11A0891-36A8-4F6B-93B7-95755EEB10DE}.Debug|x64.Build.0 = Debug|Any CPU
		{C11A0891-36A8-4F6B-93B7-95755EEB10DE}.Debug|x86.ActiveCfg = Debug|Any CPU
		{C11A0891-36A8-4F6B-93B7-95755EEB10DE}.Debug|x86.Build.0 = Debug|Any CPU
		{C11A0891-36A8-4F6B-93B7-95755EEB10DE}.Release|Any CPU.ActiveCfg = Release|Any CPU
		{C11A0891-36A8-4F6B-93B7-95755EEB10DE}.Release|Any CPU.Build.0 = Release|Any CPU
		{C11A0891-36A8-4F6B-93B7-95755EEB10DE}.Release|x64.ActiveCfg = Release|Any CPU
		{C11A0891-36A8-4F6B-93B7-95755EEB10DE}.Release|x64.Build.0 = Release|Any CPU
		{C11A0891-36A8-4F6B-93B7-95755EEB10DE}.Release|x86.ActiveCfg = Release|Any CPU
		{C11A0891-36A8-4F6B-93B7-95755EEB10DE}.Release|x86.Build.0 = Release|Any CPU
		{9521FA14-3D1B-413E-848C-313F6C9E173F}.Debug|Any CPU.ActiveCfg = Debug|Any CPU
		{9521FA14-3D1B-413E-848C-313F6C9E173F}.Debug|Any CPU.Build.0 = Debug|Any CPU
		{9521FA14-3D1B-413E-848C-313F6C9E173F}.Debug|x64.ActiveCfg = Debug|Any CPU
		{9521FA14-3D1B-413E-848C-313F6C9E173F}.Debug|x64.Build.0 = Debug|Any CPU
		{9521FA14-3D1B-413E-848C-313F6C9E173F}.Debug|x86.ActiveCfg = Debug|Any CPU
		{9521FA14-3D1B-413E-848C-313F6C9E173F}.Debug|x86.Build.0 = Debug|Any CPU
		{9521FA14-3D1B-413E-848C-313F6C9E173F}.Release|Any CPU.ActiveCfg = Release|Any CPU
		{9521FA14-3D1B-413E-848C-313F6C9E173F}.Release|Any CPU.Build.0 = Release|Any CPU
		{9521FA14-3D1B-413E-848C-313F6C9E173F}.Release|x64.ActiveCfg = Release|Any CPU
		{9521FA14-3D1B-413E-848C-313F6C9E173F}.Release|x64.Build.0 = Release|Any CPU
		{9521FA14-3D1B-413E-848C-313F6C9E173F}.Release|x86.ActiveCfg = Release|Any CPU
		{9521FA14-3D1B-413E-848C-313F6C9E173F}.Release|x86.Build.0 = Release|Any CPU
		{54057E44-306F-4383-95FB-1E954EEA61DA}.Debug|Any CPU.ActiveCfg = Debug|Any CPU
		{54057E44-306F-4383-95FB-1E954EEA61DA}.Debug|Any CPU.Build.0 = Debug|Any CPU
		{54057E44-306F-4383-95FB-1E954EEA61DA}.Debug|x64.ActiveCfg = Debug|Any CPU
		{54057E44-306F-4383-95FB-1E954EEA61DA}.Debug|x64.Build.0 = Debug|Any CPU
		{54057E44-306F-4383-95FB-1E954EEA61DA}.Debug|x86.ActiveCfg = Debug|Any CPU
		{54057E44-306F-4383-95FB-1E954EEA61DA}.Debug|x86.Build.0 = Debug|Any CPU
		{54057E44-306F-4383-95FB-1E954EEA61DA}.Release|Any CPU.ActiveCfg = Release|Any CPU
		{54057E44-306F-4383-95FB-1E954EEA61DA}.Release|Any CPU.Build.0 = Release|Any CPU
		{54057E44-306F-4383-95FB-1E954EEA61DA}.Release|x64.ActiveCfg = Release|Any CPU
		{54057E44-306F-4383-95FB-1E954EEA61DA}.Release|x64.Build.0 = Release|Any CPU
		{54057E44-306F-4383-95FB-1E954EEA61DA}.Release|x86.ActiveCfg = Release|Any CPU
		{54057E44-306F-4383-95FB-1E954EEA61DA}.Release|x86.Build.0 = Release|Any CPU
		{07805CDF-DFF2-4479-B876-B2453B76C032}.Debug|Any CPU.ActiveCfg = Debug|Any CPU
		{07805CDF-DFF2-4479-B876-B2453B76C032}.Debug|Any CPU.Build.0 = Debug|Any CPU
		{07805CDF-DFF2-4479-B876-B2453B76C032}.Debug|x64.ActiveCfg = Debug|Any CPU
		{07805CDF-DFF2-4479-B876-B2453B76C032}.Debug|x64.Build.0 = Debug|Any CPU
		{07805CDF-DFF2-4479-B876-B2453B76C032}.Debug|x86.ActiveCfg = Debug|Any CPU
		{07805CDF-DFF2-4479-B876-B2453B76C032}.Debug|x86.Build.0 = Debug|Any CPU
		{07805CDF-DFF2-4479-B876-B2453B76C032}.Release|Any CPU.ActiveCfg = Release|Any CPU
		{07805CDF-DFF2-4479-B876-B2453B76C032}.Release|Any CPU.Build.0 = Release|Any CPU
		{07805CDF-DFF2-4479-B876-B2453B76C032}.Release|x64.ActiveCfg = Release|Any CPU
		{07805CDF-DFF2-4479-B876-B2453B76C032}.Release|x64.Build.0 = Release|Any CPU
		{07805CDF-DFF2-4479-B876-B2453B76C032}.Release|x86.ActiveCfg = Release|Any CPU
		{07805CDF-DFF2-4479-B876-B2453B76C032}.Release|x86.Build.0 = Release|Any CPU
		{D8087F47-4961-4FEE-ACA1-3D905C833C67}.Debug|Any CPU.ActiveCfg = Debug|Any CPU
		{D8087F47-4961-4FEE-ACA1-3D905C833C67}.Debug|Any CPU.Build.0 = Debug|Any CPU
		{D8087F47-4961-4FEE-ACA1-3D905C833C67}.Debug|x64.ActiveCfg = Debug|Any CPU
		{D8087F47-4961-4FEE-ACA1-3D905C833C67}.Debug|x64.Build.0 = Debug|Any CPU
		{D8087F47-4961-4FEE-ACA1-3D905C833C67}.Debug|x86.ActiveCfg = Debug|Any CPU
		{D8087F47-4961-4FEE-ACA1-3D905C833C67}.Debug|x86.Build.0 = Debug|Any CPU
		{D8087F47-4961-4FEE-ACA1-3D905C833C67}.Release|Any CPU.ActiveCfg = Release|Any CPU
		{D8087F47-4961-4FEE-ACA1-3D905C833C67}.Release|Any CPU.Build.0 = Release|Any CPU
		{D8087F47-4961-4FEE-ACA1-3D905C833C67}.Release|x64.ActiveCfg = Release|Any CPU
		{D8087F47-4961-4FEE-ACA1-3D905C833C67}.Release|x64.Build.0 = Release|Any CPU
		{D8087F47-4961-4FEE-ACA1-3D905C833C67}.Release|x86.ActiveCfg = Release|Any CPU
		{D8087F47-4961-4FEE-ACA1-3D905C833C67}.Release|x86.Build.0 = Release|Any CPU
		{BD11CA3C-3542-435F-8389-6BE2A3C9425D}.Debug|Any CPU.ActiveCfg = Debug|Any CPU
		{BD11CA3C-3542-435F-8389-6BE2A3C9425D}.Debug|Any CPU.Build.0 = Debug|Any CPU
		{BD11CA3C-3542-435F-8389-6BE2A3C9425D}.Debug|x64.ActiveCfg = Debug|Any CPU
		{BD11CA3C-3542-435F-8389-6BE2A3C9425D}.Debug|x64.Build.0 = Debug|Any CPU
		{BD11CA3C-3542-435F-8389-6BE2A3C9425D}.Debug|x86.ActiveCfg = Debug|Any CPU
		{BD11CA3C-3542-435F-8389-6BE2A3C9425D}.Debug|x86.Build.0 = Debug|Any CPU
		{BD11CA3C-3542-435F-8389-6BE2A3C9425D}.Release|Any CPU.ActiveCfg = Release|Any CPU
		{BD11CA3C-3542-435F-8389-6BE2A3C9425D}.Release|Any CPU.Build.0 = Release|Any CPU
		{BD11CA3C-3542-435F-8389-6BE2A3C9425D}.Release|x64.ActiveCfg = Release|Any CPU
		{BD11CA3C-3542-435F-8389-6BE2A3C9425D}.Release|x64.Build.0 = Release|Any CPU
		{BD11CA3C-3542-435F-8389-6BE2A3C9425D}.Release|x86.ActiveCfg = Release|Any CPU
		{BD11CA3C-3542-435F-8389-6BE2A3C9425D}.Release|x86.Build.0 = Release|Any CPU
		{F580AD7D-7EFD-41ED-B75F-9945EBCDA48C}.Debug|Any CPU.ActiveCfg = Debug|Any CPU
		{F580AD7D-7EFD-41ED-B75F-9945EBCDA48C}.Debug|Any CPU.Build.0 = Debug|Any CPU
		{F580AD7D-7EFD-41ED-B75F-9945EBCDA48C}.Debug|x64.ActiveCfg = Debug|Any CPU
		{F580AD7D-7EFD-41ED-B75F-9945EBCDA48C}.Debug|x64.Build.0 = Debug|Any CPU
		{F580AD7D-7EFD-41ED-B75F-9945EBCDA48C}.Debug|x86.ActiveCfg = Debug|Any CPU
		{F580AD7D-7EFD-41ED-B75F-9945EBCDA48C}.Debug|x86.Build.0 = Debug|Any CPU
		{F580AD7D-7EFD-41ED-B75F-9945EBCDA48C}.Release|Any CPU.ActiveCfg = Release|Any CPU
		{F580AD7D-7EFD-41ED-B75F-9945EBCDA48C}.Release|Any CPU.Build.0 = Release|Any CPU
		{F580AD7D-7EFD-41ED-B75F-9945EBCDA48C}.Release|x64.ActiveCfg = Release|Any CPU
		{F580AD7D-7EFD-41ED-B75F-9945EBCDA48C}.Release|x64.Build.0 = Release|Any CPU
		{F580AD7D-7EFD-41ED-B75F-9945EBCDA48C}.Release|x86.ActiveCfg = Release|Any CPU
		{F580AD7D-7EFD-41ED-B75F-9945EBCDA48C}.Release|x86.Build.0 = Release|Any CPU
	EndGlobalSection
	GlobalSection(NestedProjects) = preSolution
		{0963B434-4266-4337-A3B9-0FA78CECDD66} = {956F79F9-E3EA-4896-9465-D0A066810939}
		{203C0F0F-D20E-44A5-A90E-B0A46EB2C27F} = {750A408B-D4A3-45F8-8D6D-C172679EFF32}
		{55E03A2F-3731-4523-A32C-CD9B1982E7A0} = {750A408B-D4A3-45F8-8D6D-C172679EFF32}
		{6F5F0BAF-21B7-4654-BEFC-287844026066} = {750A408B-D4A3-45F8-8D6D-C172679EFF32}
		{1E7B4B12-FD7C-496A-B904-B61A3F4A4A22} = {956F79F9-E3EA-4896-9465-D0A066810939}
		{6EBC831F-B51C-43F8-937D-62B0F157BFBA} = {956F79F9-E3EA-4896-9465-D0A066810939}
		{236BA177-0897-40D8-BE31-21BEF53E0A7D} = {750A408B-D4A3-45F8-8D6D-C172679EFF32}
		{F786632F-BB3C-486A-ACB0-1B0CEFF795CC} = {DF283B8B-9DB2-4182-ADEB-0991777FCF89}
		{C11A0891-36A8-4F6B-93B7-95755EEB10DE} = {DF283B8B-9DB2-4182-ADEB-0991777FCF89}
		{9521FA14-3D1B-413E-848C-313F6C9E173F} = {750A408B-D4A3-45F8-8D6D-C172679EFF32}
		{54057E44-306F-4383-95FB-1E954EEA61DA} = {750A408B-D4A3-45F8-8D6D-C172679EFF32}
		{07805CDF-DFF2-4479-B876-B2453B76C032} = {956F79F9-E3EA-4896-9465-D0A066810939}
		{D8087F47-4961-4FEE-ACA1-3D905C833C67} = {DF283B8B-9DB2-4182-ADEB-0991777FCF89}
		{BD11CA3C-3542-435F-8389-6BE2A3C9425D} = {956F79F9-E3EA-4896-9465-D0A066810939}
		{6680C725-8DA0-446B-B3D2-6BA9B726FE0F} = {956F79F9-E3EA-4896-9465-D0A066810939}
		{B1901DFF-F36C-4836-9054-B451D0A615E3} = {6680C725-8DA0-446B-B3D2-6BA9B726FE0F}
		{1AA7D5F6-9BBD-4D39-8DC4-25F93AC82D67} = {6680C725-8DA0-446B-B3D2-6BA9B726FE0F}
		{F580AD7D-7EFD-41ED-B75F-9945EBCDA48C} = {956F79F9-E3EA-4896-9465-D0A066810939}
		{49F7E31D-7374-472C-8D84-98ABD35A34C6} = {956F79F9-E3EA-4896-9465-D0A066810939}
	EndGlobalSection
EndGlobal
