
Microsoft Visual Studio Solution File, Format Version 12.00
#
Project("{2150E333-8FDC-42A3-9474-1A3956D46DE8}") = "src", "src", "{956F79F9-E3EA-4896-9465-D0A066810939}"
EndProject
Project("{FAE04EC0-301F-11D3-BF4B-00C04F79EFBC}") = "TaskFlux.Host", "src\TaskFlux.Host\TaskFlux.Host.csproj", "{0963B434-4266-4337-A3B9-0FA78CECDD66}"
EndProject
Project("{2150E333-8FDC-42A3-9474-1A3956D46DE8}") = "tests", "tests", "{750A408B-D4A3-45F8-8D6D-C172679EFF32}"
EndProject
Project("{FAE04EC0-301F-11D3-BF4B-00C04F79EFBC}") = "TaskFlux.Consensus.Tests", "tests\TaskFlux.Consensus.Tests\TaskFlux.Consensus.Tests.csproj", "{203C0F0F-D20E-44A5-A90E-B0A46EB2C27F}"
EndProject
Project("{FAE04EC0-301F-11D3-BF4B-00C04F79EFBC}") = "TaskFlux.PriorityQueue.Tests", "tests\TaskFlux.PriorityQueue.Tests\TaskFlux.PriorityQueue.Tests.csproj", "{55E03A2F-3731-4523-A32C-CD9B1982E7A0}"
EndProject
Project("{FAE04EC0-301F-11D3-BF4B-00C04F79EFBC}") = "TaskFlux.Transport.Tcp.Common.Tests", "tests\TaskFlux.Transport.Tcp.Common.Tests\TaskFlux.Transport.Tcp.Common.Tests.csproj", "{6F5F0BAF-21B7-4654-BEFC-287844026066}"
EndProject
Project("{FAE04EC0-301F-11D3-BF4B-00C04F79EFBC}") = "TaskFlux.Core", "src\TaskFlux.Core\TaskFlux.Core.csproj", "{1E7B4B12-FD7C-496A-B904-B61A3F4A4A22}"
EndProject
Project("{FAE04EC0-301F-11D3-BF4B-00C04F79EFBC}") = "TaskFlux.Application.Tests", "tests\TaskFlux.Application.Tests\TaskFlux.Application.Tests.csproj", "{236BA177-0897-40D8-BE31-21BEF53E0A7D}"
EndProject
Project("{2150E333-8FDC-42A3-9474-1A3956D46DE8}") = "samples", "samples", "{DF283B8B-9DB2-4182-ADEB-0991777FCF89}"
EndProject
Project("{FAE04EC0-301F-11D3-BF4B-00C04F79EFBC}") = "InteractiveConsole", "samples\InteractiveConsole\InteractiveConsole.csproj", "{F786632F-BB3C-486A-ACB0-1B0CEFF795CC}"
EndProject
Project("{FAE04EC0-301F-11D3-BF4B-00C04F79EFBC}") = "ConcurrentProducerConsumer", "samples\ConcurrentProducerConsumer\ConcurrentProducerConsumer.csproj", "{C11A0891-36A8-4F6B-93B7-95755EEB10DE}"
EndProject
Project("{FAE04EC0-301F-11D3-BF4B-00C04F79EFBC}") = "TaskFlux.Utils.Tests", "tests\TaskFlux.Utils.Tests\TaskFlux.Utils.Tests.csproj", "{9521FA14-3D1B-413E-848C-313F6C9E173F}"
EndProject
Project("{FAE04EC0-301F-11D3-BF4B-00C04F79EFBC}") = "TaskFlux.Core.Tests", "tests\TaskFlux.Core.Tests\TaskFlux.Core.Tests.csproj", "{54057E44-306F-4383-95FB-1E954EEA61DA}"
EndProject
Project("{FAE04EC0-301F-11D3-BF4B-00C04F79EFBC}") = "TaskFlux.PriorityQueue", "src\TaskFlux.PriorityQueue\TaskFlux.PriorityQueue.csproj", "{07805CDF-DFF2-4479-B876-B2453B76C032}"
EndProject
Project("{FAE04EC0-301F-11D3-BF4B-00C04F79EFBC}") = "TaskFlux.Application", "src\TaskFlux.Application\TaskFlux.Application.csproj", "{BD11CA3C-3542-435F-8389-6BE2A3C9425D}"
EndProject
Project("{2150E333-8FDC-42A3-9474-1A3956D46DE8}") = "TaskFlux.Transport", "TaskFlux.Transport", "{6680C725-8DA0-446B-B3D2-6BA9B726FE0F}"
EndProject
Project("{FAE04EC0-301F-11D3-BF4B-00C04F79EFBC}") = "TaskFlux.Persistence", "src\TaskFlux.Persistence\TaskFlux.Persistence.csproj", "{A4BB674B-40EE-4296-BE94-C08B665B0C79}"
EndProject
Project("{FAE04EC0-301F-11D3-BF4B-00C04F79EFBC}") = "TaskFlux.Persistence.Tests", "tests\TaskFlux.Persistence.Tests\TaskFlux.Persistence.Tests.csproj", "{0180C414-23FF-4434-A3E5-859598F99F7E}"
EndProject
Project("{FAE04EC0-301F-11D3-BF4B-00C04F79EFBC}") = "TaskFlux.Transport.Tcp.Server", "src\TaskFlux.Transport\TaskFlux.Transport.Tcp.Server\TaskFlux.Transport.Tcp.Server.csproj", "{9F93F866-799D-45BC-A3BE-4300E156EE7A}"
EndProject
Project("{FAE04EC0-301F-11D3-BF4B-00C04F79EFBC}") = "TaskFlux.Transport.Http", "src\TaskFlux.Transport\TaskFlux.Transport.Http\TaskFlux.Transport.Http.csproj", "{FD916340-D613-47BD-BCE4-E95C15F52EF0}"
EndProject
Project("{FAE04EC0-301F-11D3-BF4B-00C04F79EFBC}") = "TaskFlux.Transport.Grpc", "src\TaskFlux.Transport\TaskFlux.Transport.Grpc\TaskFlux.Transport.Grpc.csproj", "{90C7A50F-A5CD-419B-A0E3-0B70EAF6E179}"
EndProject
Project("{FAE04EC0-301F-11D3-BF4B-00C04F79EFBC}") = "TaskFlux.Transport.Tcp.Client", "src\TaskFlux.Transport\TaskFlux.Transport.Tcp.Client\TaskFlux.Transport.Tcp.Client.csproj", "{5361CF99-7CB7-46F7-A1CD-D21F7E0D0791}"
EndProject
Project("{2150E333-8FDC-42A3-9474-1A3956D46DE8}") = "TaskFlux.Utils", "TaskFlux.Utils", "{1BB01764-8853-44AE-879B-B2951780AB62}"
EndProject
Project("{FAE04EC0-301F-11D3-BF4B-00C04F79EFBC}") = "TaskFlux.Utils.Serialization", "src\TaskFlux.Utils\TaskFlux.Utils.Serialization\TaskFlux.Utils.Serialization.csproj", "{495BFB23-F0C2-400D-ABBC-E87C952C8656}"
EndProject
Project("{FAE04EC0-301F-11D3-BF4B-00C04F79EFBC}") = "TaskFlux.Domain", "src\TaskFlux.Domain\TaskFlux.Domain.csproj", "{19E1AD0A-1840-42AD-99A9-EE920BA18B88}"
EndProject
Project("{FAE04EC0-301F-11D3-BF4B-00C04F79EFBC}") = "TaskFlux.Utils.CheckSum", "src\TaskFlux.Utils\TaskFlux.Utils.CheckSum\TaskFlux.Utils.CheckSum.csproj", "{5F2D9ABA-93CB-4B08-930D-D338A5DA5E47}"
EndProject
Project("{FAE04EC0-301F-11D3-BF4B-00C04F79EFBC}") = "TaskFlux.Domain.Tests", "tests\TaskFlux.Domain.Tests\TaskFlux.Domain.Tests.csproj", "{EDE922A1-14FA-4266-886E-C56D21EFBA13}"
EndProject
Project("{FAE04EC0-301F-11D3-BF4B-00C04F79EFBC}") = "TaskFlux.Utils.Network", "src\TaskFlux.Utils\TaskFlux.Utils.Network\TaskFlux.Utils.Network.csproj", "{4918F87C-A5B9-47F3-8543-871F93D7D632}"
EndProject
Project("{FAE04EC0-301F-11D3-BF4B-00C04F79EFBC}") = "TaskFlux.Consensus", "src\TaskFlux.Consensus\TaskFlux.Consensus.csproj", "{6EECC4FA-95FD-435C-84FC-DF17251D717C}"
EndProject
Project("{2150E333-8FDC-42A3-9474-1A3956D46DE8}") = "TaskFlux.Transport.Tcp", "TaskFlux.Transport.Tcp", "{A6DDA26F-60A3-482F-8780-ADFD5D3D9E8B}"
EndProject
Project("{FAE04EC0-301F-11D3-BF4B-00C04F79EFBC}") = "TaskFlux.Transport.Tcp.Common", "src\TaskFlux.Transport\TaskFlux.Transport.Tcp.Common\TaskFlux.Transport.Tcp.Common.csproj", "{9EABC667-3D32-4DE8-80FA-ED1F094B413D}"
EndProject
Global
	GlobalSection(SolutionConfigurationPlatforms) = preSolution
		Debug|Any CPU = Debug|Any CPU
		Debug|x64 = Debug|x64
		Debug|x86 = Debug|x86
		Release|Any CPU = Release|Any CPU
		Release|x64 = Release|x64
		Release|x86 = Release|x86
	EndGlobalSection
	GlobalSection(ProjectConfigurationPlatforms) = postSolution
		{0963B434-4266-4337-A3B9-0FA78CECDD66}.Debug|Any CPU.ActiveCfg = Debug|Any CPU
		{0963B434-4266-4337-A3B9-0FA78CECDD66}.Debug|Any CPU.Build.0 = Debug|Any CPU
		{0963B434-4266-4337-A3B9-0FA78CECDD66}.Debug|x64.ActiveCfg = Debug|Any CPU
		{0963B434-4266-4337-A3B9-0FA78CECDD66}.Debug|x64.Build.0 = Debug|Any CPU
		{0963B434-4266-4337-A3B9-0FA78CECDD66}.Debug|x86.ActiveCfg = Debug|Any CPU
		{0963B434-4266-4337-A3B9-0FA78CECDD66}.Debug|x86.Build.0 = Debug|Any CPU
		{0963B434-4266-4337-A3B9-0FA78CECDD66}.Release|Any CPU.ActiveCfg = Release|Any CPU
		{0963B434-4266-4337-A3B9-0FA78CECDD66}.Release|Any CPU.Build.0 = Release|Any CPU
		{0963B434-4266-4337-A3B9-0FA78CECDD66}.Release|x64.ActiveCfg = Release|Any CPU
		{0963B434-4266-4337-A3B9-0FA78CECDD66}.Release|x64.Build.0 = Release|Any CPU
		{0963B434-4266-4337-A3B9-0FA78CECDD66}.Release|x86.ActiveCfg = Release|Any CPU
		{0963B434-4266-4337-A3B9-0FA78CECDD66}.Release|x86.Build.0 = Release|Any CPU
		{203C0F0F-D20E-44A5-A90E-B0A46EB2C27F}.Debug|Any CPU.ActiveCfg = Debug|Any CPU
		{203C0F0F-D20E-44A5-A90E-B0A46EB2C27F}.Debug|Any CPU.Build.0 = Debug|Any CPU
		{203C0F0F-D20E-44A5-A90E-B0A46EB2C27F}.Debug|x64.ActiveCfg = Debug|Any CPU
		{203C0F0F-D20E-44A5-A90E-B0A46EB2C27F}.Debug|x64.Build.0 = Debug|Any CPU
		{203C0F0F-D20E-44A5-A90E-B0A46EB2C27F}.Debug|x86.ActiveCfg = Debug|Any CPU
		{203C0F0F-D20E-44A5-A90E-B0A46EB2C27F}.Debug|x86.Build.0 = Debug|Any CPU
		{203C0F0F-D20E-44A5-A90E-B0A46EB2C27F}.Release|Any CPU.ActiveCfg = Release|Any CPU
		{203C0F0F-D20E-44A5-A90E-B0A46EB2C27F}.Release|Any CPU.Build.0 = Release|Any CPU
		{203C0F0F-D20E-44A5-A90E-B0A46EB2C27F}.Release|x64.ActiveCfg = Release|Any CPU
		{203C0F0F-D20E-44A5-A90E-B0A46EB2C27F}.Release|x64.Build.0 = Release|Any CPU
		{203C0F0F-D20E-44A5-A90E-B0A46EB2C27F}.Release|x86.ActiveCfg = Release|Any CPU
		{203C0F0F-D20E-44A5-A90E-B0A46EB2C27F}.Release|x86.Build.0 = Release|Any CPU
		{55E03A2F-3731-4523-A32C-CD9B1982E7A0}.Debug|Any CPU.ActiveCfg = Debug|Any CPU
		{55E03A2F-3731-4523-A32C-CD9B1982E7A0}.Debug|Any CPU.Build.0 = Debug|Any CPU
		{55E03A2F-3731-4523-A32C-CD9B1982E7A0}.Debug|x64.ActiveCfg = Debug|Any CPU
		{55E03A2F-3731-4523-A32C-CD9B1982E7A0}.Debug|x64.Build.0 = Debug|Any CPU
		{55E03A2F-3731-4523-A32C-CD9B1982E7A0}.Debug|x86.ActiveCfg = Debug|Any CPU
		{55E03A2F-3731-4523-A32C-CD9B1982E7A0}.Debug|x86.Build.0 = Debug|Any CPU
		{55E03A2F-3731-4523-A32C-CD9B1982E7A0}.Release|Any CPU.ActiveCfg = Release|Any CPU
		{55E03A2F-3731-4523-A32C-CD9B1982E7A0}.Release|Any CPU.Build.0 = Release|Any CPU
		{55E03A2F-3731-4523-A32C-CD9B1982E7A0}.Release|x64.ActiveCfg = Release|Any CPU
		{55E03A2F-3731-4523-A32C-CD9B1982E7A0}.Release|x64.Build.0 = Release|Any CPU
		{55E03A2F-3731-4523-A32C-CD9B1982E7A0}.Release|x86.ActiveCfg = Release|Any CPU
		{55E03A2F-3731-4523-A32C-CD9B1982E7A0}.Release|x86.Build.0 = Release|Any CPU
		{6F5F0BAF-21B7-4654-BEFC-287844026066}.Debug|Any CPU.ActiveCfg = Debug|Any CPU
		{6F5F0BAF-21B7-4654-BEFC-287844026066}.Debug|Any CPU.Build.0 = Debug|Any CPU
		{6F5F0BAF-21B7-4654-BEFC-287844026066}.Debug|x64.ActiveCfg = Debug|Any CPU
		{6F5F0BAF-21B7-4654-BEFC-287844026066}.Debug|x64.Build.0 = Debug|Any CPU
		{6F5F0BAF-21B7-4654-BEFC-287844026066}.Debug|x86.ActiveCfg = Debug|Any CPU
		{6F5F0BAF-21B7-4654-BEFC-287844026066}.Debug|x86.Build.0 = Debug|Any CPU
		{6F5F0BAF-21B7-4654-BEFC-287844026066}.Release|Any CPU.ActiveCfg = Release|Any CPU
		{6F5F0BAF-21B7-4654-BEFC-287844026066}.Release|Any CPU.Build.0 = Release|Any CPU
		{6F5F0BAF-21B7-4654-BEFC-287844026066}.Release|x64.ActiveCfg = Release|Any CPU
		{6F5F0BAF-21B7-4654-BEFC-287844026066}.Release|x64.Build.0 = Release|Any CPU
		{6F5F0BAF-21B7-4654-BEFC-287844026066}.Release|x86.ActiveCfg = Release|Any CPU
		{6F5F0BAF-21B7-4654-BEFC-287844026066}.Release|x86.Build.0 = Release|Any CPU
		{1E7B4B12-FD7C-496A-B904-B61A3F4A4A22}.Debug|Any CPU.ActiveCfg = Debug|Any CPU
		{1E7B4B12-FD7C-496A-B904-B61A3F4A4A22}.Debug|Any CPU.Build.0 = Debug|Any CPU
		{1E7B4B12-FD7C-496A-B904-B61A3F4A4A22}.Debug|x64.ActiveCfg = Debug|Any CPU
		{1E7B4B12-FD7C-496A-B904-B61A3F4A4A22}.Debug|x64.Build.0 = Debug|Any CPU
		{1E7B4B12-FD7C-496A-B904-B61A3F4A4A22}.Debug|x86.ActiveCfg = Debug|Any CPU
		{1E7B4B12-FD7C-496A-B904-B61A3F4A4A22}.Debug|x86.Build.0 = Debug|Any CPU
		{1E7B4B12-FD7C-496A-B904-B61A3F4A4A22}.Release|Any CPU.ActiveCfg = Release|Any CPU
		{1E7B4B12-FD7C-496A-B904-B61A3F4A4A22}.Release|Any CPU.Build.0 = Release|Any CPU
		{1E7B4B12-FD7C-496A-B904-B61A3F4A4A22}.Release|x64.ActiveCfg = Release|Any CPU
		{1E7B4B12-FD7C-496A-B904-B61A3F4A4A22}.Release|x64.Build.0 = Release|Any CPU
		{1E7B4B12-FD7C-496A-B904-B61A3F4A4A22}.Release|x86.ActiveCfg = Release|Any CPU
		{1E7B4B12-FD7C-496A-B904-B61A3F4A4A22}.Release|x86.Build.0 = Release|Any CPU
		{236BA177-0897-40D8-BE31-21BEF53E0A7D}.Debug|Any CPU.ActiveCfg = Debug|Any CPU
		{236BA177-0897-40D8-BE31-21BEF53E0A7D}.Debug|Any CPU.Build.0 = Debug|Any CPU
		{236BA177-0897-40D8-BE31-21BEF53E0A7D}.Debug|x64.ActiveCfg = Debug|Any CPU
		{236BA177-0897-40D8-BE31-21BEF53E0A7D}.Debug|x64.Build.0 = Debug|Any CPU
		{236BA177-0897-40D8-BE31-21BEF53E0A7D}.Debug|x86.ActiveCfg = Debug|Any CPU
		{236BA177-0897-40D8-BE31-21BEF53E0A7D}.Debug|x86.Build.0 = Debug|Any CPU
		{236BA177-0897-40D8-BE31-21BEF53E0A7D}.Release|Any CPU.ActiveCfg = Release|Any CPU
		{236BA177-0897-40D8-BE31-21BEF53E0A7D}.Release|Any CPU.Build.0 = Release|Any CPU
		{236BA177-0897-40D8-BE31-21BEF53E0A7D}.Release|x64.ActiveCfg = Release|Any CPU
		{236BA177-0897-40D8-BE31-21BEF53E0A7D}.Release|x64.Build.0 = Release|Any CPU
		{236BA177-0897-40D8-BE31-21BEF53E0A7D}.Release|x86.ActiveCfg = Release|Any CPU
		{236BA177-0897-40D8-BE31-21BEF53E0A7D}.Release|x86.Build.0 = Release|Any CPU
		{F786632F-BB3C-486A-ACB0-1B0CEFF795CC}.Debug|Any CPU.ActiveCfg = Debug|Any CPU
		{F786632F-BB3C-486A-ACB0-1B0CEFF795CC}.Debug|Any CPU.Build.0 = Debug|Any CPU
		{F786632F-BB3C-486A-ACB0-1B0CEFF795CC}.Debug|x64.ActiveCfg = Debug|Any CPU
		{F786632F-BB3C-486A-ACB0-1B0CEFF795CC}.Debug|x64.Build.0 = Debug|Any CPU
		{F786632F-BB3C-486A-ACB0-1B0CEFF795CC}.Debug|x86.ActiveCfg = Debug|Any CPU
		{F786632F-BB3C-486A-ACB0-1B0CEFF795CC}.Debug|x86.Build.0 = Debug|Any CPU
		{F786632F-BB3C-486A-ACB0-1B0CEFF795CC}.Release|Any CPU.ActiveCfg = Release|Any CPU
		{F786632F-BB3C-486A-ACB0-1B0CEFF795CC}.Release|Any CPU.Build.0 = Release|Any CPU
		{F786632F-BB3C-486A-ACB0-1B0CEFF795CC}.Release|x64.ActiveCfg = Release|Any CPU
		{F786632F-BB3C-486A-ACB0-1B0CEFF795CC}.Release|x64.Build.0 = Release|Any CPU
		{F786632F-BB3C-486A-ACB0-1B0CEFF795CC}.Release|x86.ActiveCfg = Release|Any CPU
		{F786632F-BB3C-486A-ACB0-1B0CEFF795CC}.Release|x86.Build.0 = Release|Any CPU
		{C11A0891-36A8-4F6B-93B7-95755EEB10DE}.Debug|Any CPU.ActiveCfg = Debug|Any CPU
		{C11A0891-36A8-4F6B-93B7-95755EEB10DE}.Debug|Any CPU.Build.0 = Debug|Any CPU
		{C11A0891-36A8-4F6B-93B7-95755EEB10DE}.Debug|x64.ActiveCfg = Debug|Any CPU
		{C11A0891-36A8-4F6B-93B7-95755EEB10DE}.Debug|x64.Build.0 = Debug|Any CPU
		{C11A0891-36A8-4F6B-93B7-95755EEB10DE}.Debug|x86.ActiveCfg = Debug|Any CPU
		{C11A0891-36A8-4F6B-93B7-95755EEB10DE}.Debug|x86.Build.0 = Debug|Any CPU
		{C11A0891-36A8-4F6B-93B7-95755EEB10DE}.Release|Any CPU.ActiveCfg = Release|Any CPU
		{C11A0891-36A8-4F6B-93B7-95755EEB10DE}.Release|Any CPU.Build.0 = Release|Any CPU
		{C11A0891-36A8-4F6B-93B7-95755EEB10DE}.Release|x64.ActiveCfg = Release|Any CPU
		{C11A0891-36A8-4F6B-93B7-95755EEB10DE}.Release|x64.Build.0 = Release|Any CPU
		{C11A0891-36A8-4F6B-93B7-95755EEB10DE}.Release|x86.ActiveCfg = Release|Any CPU
		{C11A0891-36A8-4F6B-93B7-95755EEB10DE}.Release|x86.Build.0 = Release|Any CPU
		{9521FA14-3D1B-413E-848C-313F6C9E173F}.Debug|Any CPU.ActiveCfg = Debug|Any CPU
		{9521FA14-3D1B-413E-848C-313F6C9E173F}.Debug|Any CPU.Build.0 = Debug|Any CPU
		{9521FA14-3D1B-413E-848C-313F6C9E173F}.Debug|x64.ActiveCfg = Debug|Any CPU
		{9521FA14-3D1B-413E-848C-313F6C9E173F}.Debug|x64.Build.0 = Debug|Any CPU
		{9521FA14-3D1B-413E-848C-313F6C9E173F}.Debug|x86.ActiveCfg = Debug|Any CPU
		{9521FA14-3D1B-413E-848C-313F6C9E173F}.Debug|x86.Build.0 = Debug|Any CPU
		{9521FA14-3D1B-413E-848C-313F6C9E173F}.Release|Any CPU.ActiveCfg = Release|Any CPU
		{9521FA14-3D1B-413E-848C-313F6C9E173F}.Release|Any CPU.Build.0 = Release|Any CPU
		{9521FA14-3D1B-413E-848C-313F6C9E173F}.Release|x64.ActiveCfg = Release|Any CPU
		{9521FA14-3D1B-413E-848C-313F6C9E173F}.Release|x64.Build.0 = Release|Any CPU
		{9521FA14-3D1B-413E-848C-313F6C9E173F}.Release|x86.ActiveCfg = Release|Any CPU
		{9521FA14-3D1B-413E-848C-313F6C9E173F}.Release|x86.Build.0 = Release|Any CPU
		{54057E44-306F-4383-95FB-1E954EEA61DA}.Debug|Any CPU.ActiveCfg = Debug|Any CPU
		{54057E44-306F-4383-95FB-1E954EEA61DA}.Debug|Any CPU.Build.0 = Debug|Any CPU
		{54057E44-306F-4383-95FB-1E954EEA61DA}.Debug|x64.ActiveCfg = Debug|Any CPU
		{54057E44-306F-4383-95FB-1E954EEA61DA}.Debug|x64.Build.0 = Debug|Any CPU
		{54057E44-306F-4383-95FB-1E954EEA61DA}.Debug|x86.ActiveCfg = Debug|Any CPU
		{54057E44-306F-4383-95FB-1E954EEA61DA}.Debug|x86.Build.0 = Debug|Any CPU
		{54057E44-306F-4383-95FB-1E954EEA61DA}.Release|Any CPU.ActiveCfg = Release|Any CPU
		{54057E44-306F-4383-95FB-1E954EEA61DA}.Release|Any CPU.Build.0 = Release|Any CPU
		{54057E44-306F-4383-95FB-1E954EEA61DA}.Release|x64.ActiveCfg = Release|Any CPU
		{54057E44-306F-4383-95FB-1E954EEA61DA}.Release|x64.Build.0 = Release|Any CPU
		{54057E44-306F-4383-95FB-1E954EEA61DA}.Release|x86.ActiveCfg = Release|Any CPU
		{54057E44-306F-4383-95FB-1E954EEA61DA}.Release|x86.Build.0 = Release|Any CPU
		{07805CDF-DFF2-4479-B876-B2453B76C032}.Debug|Any CPU.ActiveCfg = Debug|Any CPU
		{07805CDF-DFF2-4479-B876-B2453B76C032}.Debug|Any CPU.Build.0 = Debug|Any CPU
		{07805CDF-DFF2-4479-B876-B2453B76C032}.Debug|x64.ActiveCfg = Debug|Any CPU
		{07805CDF-DFF2-4479-B876-B2453B76C032}.Debug|x64.Build.0 = Debug|Any CPU
		{07805CDF-DFF2-4479-B876-B2453B76C032}.Debug|x86.ActiveCfg = Debug|Any CPU
		{07805CDF-DFF2-4479-B876-B2453B76C032}.Debug|x86.Build.0 = Debug|Any CPU
		{07805CDF-DFF2-4479-B876-B2453B76C032}.Release|Any CPU.ActiveCfg = Release|Any CPU
		{07805CDF-DFF2-4479-B876-B2453B76C032}.Release|Any CPU.Build.0 = Release|Any CPU
		{07805CDF-DFF2-4479-B876-B2453B76C032}.Release|x64.ActiveCfg = Release|Any CPU
		{07805CDF-DFF2-4479-B876-B2453B76C032}.Release|x64.Build.0 = Release|Any CPU
		{07805CDF-DFF2-4479-B876-B2453B76C032}.Release|x86.ActiveCfg = Release|Any CPU
		{07805CDF-DFF2-4479-B876-B2453B76C032}.Release|x86.Build.0 = Release|Any CPU
		{BD11CA3C-3542-435F-8389-6BE2A3C9425D}.Debug|Any CPU.ActiveCfg = Debug|Any CPU
		{BD11CA3C-3542-435F-8389-6BE2A3C9425D}.Debug|Any CPU.Build.0 = Debug|Any CPU
		{BD11CA3C-3542-435F-8389-6BE2A3C9425D}.Debug|x64.ActiveCfg = Debug|Any CPU
		{BD11CA3C-3542-435F-8389-6BE2A3C9425D}.Debug|x64.Build.0 = Debug|Any CPU
		{BD11CA3C-3542-435F-8389-6BE2A3C9425D}.Debug|x86.ActiveCfg = Debug|Any CPU
		{BD11CA3C-3542-435F-8389-6BE2A3C9425D}.Debug|x86.Build.0 = Debug|Any CPU
		{BD11CA3C-3542-435F-8389-6BE2A3C9425D}.Release|Any CPU.ActiveCfg = Release|Any CPU
		{BD11CA3C-3542-435F-8389-6BE2A3C9425D}.Release|Any CPU.Build.0 = Release|Any CPU
		{BD11CA3C-3542-435F-8389-6BE2A3C9425D}.Release|x64.ActiveCfg = Release|Any CPU
		{BD11CA3C-3542-435F-8389-6BE2A3C9425D}.Release|x64.Build.0 = Release|Any CPU
		{BD11CA3C-3542-435F-8389-6BE2A3C9425D}.Release|x86.ActiveCfg = Release|Any CPU
		{BD11CA3C-3542-435F-8389-6BE2A3C9425D}.Release|x86.Build.0 = Release|Any CPU
		{A4BB674B-40EE-4296-BE94-C08B665B0C79}.Debug|Any CPU.ActiveCfg = Debug|Any CPU
		{A4BB674B-40EE-4296-BE94-C08B665B0C79}.Debug|Any CPU.Build.0 = Debug|Any CPU
		{A4BB674B-40EE-4296-BE94-C08B665B0C79}.Debug|x64.ActiveCfg = Debug|Any CPU
		{A4BB674B-40EE-4296-BE94-C08B665B0C79}.Debug|x64.Build.0 = Debug|Any CPU
		{A4BB674B-40EE-4296-BE94-C08B665B0C79}.Debug|x86.ActiveCfg = Debug|Any CPU
		{A4BB674B-40EE-4296-BE94-C08B665B0C79}.Debug|x86.Build.0 = Debug|Any CPU
		{A4BB674B-40EE-4296-BE94-C08B665B0C79}.Release|Any CPU.ActiveCfg = Release|Any CPU
		{A4BB674B-40EE-4296-BE94-C08B665B0C79}.Release|Any CPU.Build.0 = Release|Any CPU
		{A4BB674B-40EE-4296-BE94-C08B665B0C79}.Release|x64.ActiveCfg = Release|Any CPU
		{A4BB674B-40EE-4296-BE94-C08B665B0C79}.Release|x64.Build.0 = Release|Any CPU
		{A4BB674B-40EE-4296-BE94-C08B665B0C79}.Release|x86.ActiveCfg = Release|Any CPU
		{A4BB674B-40EE-4296-BE94-C08B665B0C79}.Release|x86.Build.0 = Release|Any CPU
		{0180C414-23FF-4434-A3E5-859598F99F7E}.Debug|Any CPU.ActiveCfg = Debug|Any CPU
		{0180C414-23FF-4434-A3E5-859598F99F7E}.Debug|Any CPU.Build.0 = Debug|Any CPU
		{0180C414-23FF-4434-A3E5-859598F99F7E}.Debug|x64.ActiveCfg = Debug|Any CPU
		{0180C414-23FF-4434-A3E5-859598F99F7E}.Debug|x64.Build.0 = Debug|Any CPU
		{0180C414-23FF-4434-A3E5-859598F99F7E}.Debug|x86.ActiveCfg = Debug|Any CPU
		{0180C414-23FF-4434-A3E5-859598F99F7E}.Debug|x86.Build.0 = Debug|Any CPU
		{0180C414-23FF-4434-A3E5-859598F99F7E}.Release|Any CPU.ActiveCfg = Release|Any CPU
		{0180C414-23FF-4434-A3E5-859598F99F7E}.Release|Any CPU.Build.0 = Release|Any CPU
		{0180C414-23FF-4434-A3E5-859598F99F7E}.Release|x64.ActiveCfg = Release|Any CPU
		{0180C414-23FF-4434-A3E5-859598F99F7E}.Release|x64.Build.0 = Release|Any CPU
		{0180C414-23FF-4434-A3E5-859598F99F7E}.Release|x86.ActiveCfg = Release|Any CPU
		{0180C414-23FF-4434-A3E5-859598F99F7E}.Release|x86.Build.0 = Release|Any CPU
		{9F93F866-799D-45BC-A3BE-4300E156EE7A}.Debug|Any CPU.ActiveCfg = Debug|Any CPU
		{9F93F866-799D-45BC-A3BE-4300E156EE7A}.Debug|Any CPU.Build.0 = Debug|Any CPU
		{9F93F866-799D-45BC-A3BE-4300E156EE7A}.Debug|x64.ActiveCfg = Debug|Any CPU
		{9F93F866-799D-45BC-A3BE-4300E156EE7A}.Debug|x64.Build.0 = Debug|Any CPU
		{9F93F866-799D-45BC-A3BE-4300E156EE7A}.Debug|x86.ActiveCfg = Debug|Any CPU
		{9F93F866-799D-45BC-A3BE-4300E156EE7A}.Debug|x86.Build.0 = Debug|Any CPU
		{9F93F866-799D-45BC-A3BE-4300E156EE7A}.Release|Any CPU.ActiveCfg = Release|Any CPU
		{9F93F866-799D-45BC-A3BE-4300E156EE7A}.Release|Any CPU.Build.0 = Release|Any CPU
		{9F93F866-799D-45BC-A3BE-4300E156EE7A}.Release|x64.ActiveCfg = Release|Any CPU
		{9F93F866-799D-45BC-A3BE-4300E156EE7A}.Release|x64.Build.0 = Release|Any CPU
		{9F93F866-799D-45BC-A3BE-4300E156EE7A}.Release|x86.ActiveCfg = Release|Any CPU
		{9F93F866-799D-45BC-A3BE-4300E156EE7A}.Release|x86.Build.0 = Release|Any CPU
		{FD916340-D613-47BD-BCE4-E95C15F52EF0}.Debug|Any CPU.ActiveCfg = Debug|Any CPU
		{FD916340-D613-47BD-BCE4-E95C15F52EF0}.Debug|Any CPU.Build.0 = Debug|Any CPU
		{FD916340-D613-47BD-BCE4-E95C15F52EF0}.Debug|x64.ActiveCfg = Debug|Any CPU
		{FD916340-D613-47BD-BCE4-E95C15F52EF0}.Debug|x64.Build.0 = Debug|Any CPU
		{FD916340-D613-47BD-BCE4-E95C15F52EF0}.Debug|x86.ActiveCfg = Debug|Any CPU
		{FD916340-D613-47BD-BCE4-E95C15F52EF0}.Debug|x86.Build.0 = Debug|Any CPU
		{FD916340-D613-47BD-BCE4-E95C15F52EF0}.Release|Any CPU.ActiveCfg = Release|Any CPU
		{FD916340-D613-47BD-BCE4-E95C15F52EF0}.Release|Any CPU.Build.0 = Release|Any CPU
		{FD916340-D613-47BD-BCE4-E95C15F52EF0}.Release|x64.ActiveCfg = Release|Any CPU
		{FD916340-D613-47BD-BCE4-E95C15F52EF0}.Release|x64.Build.0 = Release|Any CPU
		{FD916340-D613-47BD-BCE4-E95C15F52EF0}.Release|x86.ActiveCfg = Release|Any CPU
		{FD916340-D613-47BD-BCE4-E95C15F52EF0}.Release|x86.Build.0 = Release|Any CPU
		{90C7A50F-A5CD-419B-A0E3-0B70EAF6E179}.Debug|Any CPU.ActiveCfg = Debug|Any CPU
		{90C7A50F-A5CD-419B-A0E3-0B70EAF6E179}.Debug|Any CPU.Build.0 = Debug|Any CPU
		{90C7A50F-A5CD-419B-A0E3-0B70EAF6E179}.Debug|x64.ActiveCfg = Debug|Any CPU
		{90C7A50F-A5CD-419B-A0E3-0B70EAF6E179}.Debug|x64.Build.0 = Debug|Any CPU
		{90C7A50F-A5CD-419B-A0E3-0B70EAF6E179}.Debug|x86.ActiveCfg = Debug|Any CPU
		{90C7A50F-A5CD-419B-A0E3-0B70EAF6E179}.Debug|x86.Build.0 = Debug|Any CPU
		{90C7A50F-A5CD-419B-A0E3-0B70EAF6E179}.Release|Any CPU.ActiveCfg = Release|Any CPU
		{90C7A50F-A5CD-419B-A0E3-0B70EAF6E179}.Release|Any CPU.Build.0 = Release|Any CPU
		{90C7A50F-A5CD-419B-A0E3-0B70EAF6E179}.Release|x64.ActiveCfg = Release|Any CPU
		{90C7A50F-A5CD-419B-A0E3-0B70EAF6E179}.Release|x64.Build.0 = Release|Any CPU
		{90C7A50F-A5CD-419B-A0E3-0B70EAF6E179}.Release|x86.ActiveCfg = Release|Any CPU
		{90C7A50F-A5CD-419B-A0E3-0B70EAF6E179}.Release|x86.Build.0 = Release|Any CPU
		{5361CF99-7CB7-46F7-A1CD-D21F7E0D0791}.Debug|Any CPU.ActiveCfg = Debug|Any CPU
		{5361CF99-7CB7-46F7-A1CD-D21F7E0D0791}.Debug|Any CPU.Build.0 = Debug|Any CPU
		{5361CF99-7CB7-46F7-A1CD-D21F7E0D0791}.Debug|x64.ActiveCfg = Debug|Any CPU
		{5361CF99-7CB7-46F7-A1CD-D21F7E0D0791}.Debug|x64.Build.0 = Debug|Any CPU
		{5361CF99-7CB7-46F7-A1CD-D21F7E0D0791}.Debug|x86.ActiveCfg = Debug|Any CPU
		{5361CF99-7CB7-46F7-A1CD-D21F7E0D0791}.Debug|x86.Build.0 = Debug|Any CPU
		{5361CF99-7CB7-46F7-A1CD-D21F7E0D0791}.Release|Any CPU.ActiveCfg = Release|Any CPU
		{5361CF99-7CB7-46F7-A1CD-D21F7E0D0791}.Release|Any CPU.Build.0 = Release|Any CPU
		{5361CF99-7CB7-46F7-A1CD-D21F7E0D0791}.Release|x64.ActiveCfg = Release|Any CPU
		{5361CF99-7CB7-46F7-A1CD-D21F7E0D0791}.Release|x64.Build.0 = Release|Any CPU
		{5361CF99-7CB7-46F7-A1CD-D21F7E0D0791}.Release|x86.ActiveCfg = Release|Any CPU
		{5361CF99-7CB7-46F7-A1CD-D21F7E0D0791}.Release|x86.Build.0 = Release|Any CPU
		{495BFB23-F0C2-400D-ABBC-E87C952C8656}.Debug|Any CPU.ActiveCfg = Debug|Any CPU
		{495BFB23-F0C2-400D-ABBC-E87C952C8656}.Debug|Any CPU.Build.0 = Debug|Any CPU
		{495BFB23-F0C2-400D-ABBC-E87C952C8656}.Debug|x64.ActiveCfg = Debug|Any CPU
		{495BFB23-F0C2-400D-ABBC-E87C952C8656}.Debug|x64.Build.0 = Debug|Any CPU
		{495BFB23-F0C2-400D-ABBC-E87C952C8656}.Debug|x86.ActiveCfg = Debug|Any CPU
		{495BFB23-F0C2-400D-ABBC-E87C952C8656}.Debug|x86.Build.0 = Debug|Any CPU
		{495BFB23-F0C2-400D-ABBC-E87C952C8656}.Release|Any CPU.ActiveCfg = Release|Any CPU
		{495BFB23-F0C2-400D-ABBC-E87C952C8656}.Release|Any CPU.Build.0 = Release|Any CPU
		{495BFB23-F0C2-400D-ABBC-E87C952C8656}.Release|x64.ActiveCfg = Release|Any CPU
		{495BFB23-F0C2-400D-ABBC-E87C952C8656}.Release|x64.Build.0 = Release|Any CPU
		{495BFB23-F0C2-400D-ABBC-E87C952C8656}.Release|x86.ActiveCfg = Release|Any CPU
		{495BFB23-F0C2-400D-ABBC-E87C952C8656}.Release|x86.Build.0 = Release|Any CPU
		{19E1AD0A-1840-42AD-99A9-EE920BA18B88}.Debug|Any CPU.ActiveCfg = Debug|Any CPU
		{19E1AD0A-1840-42AD-99A9-EE920BA18B88}.Debug|Any CPU.Build.0 = Debug|Any CPU
		{19E1AD0A-1840-42AD-99A9-EE920BA18B88}.Debug|x64.ActiveCfg = Debug|Any CPU
		{19E1AD0A-1840-42AD-99A9-EE920BA18B88}.Debug|x64.Build.0 = Debug|Any CPU
		{19E1AD0A-1840-42AD-99A9-EE920BA18B88}.Debug|x86.ActiveCfg = Debug|Any CPU
		{19E1AD0A-1840-42AD-99A9-EE920BA18B88}.Debug|x86.Build.0 = Debug|Any CPU
		{19E1AD0A-1840-42AD-99A9-EE920BA18B88}.Release|Any CPU.ActiveCfg = Release|Any CPU
		{19E1AD0A-1840-42AD-99A9-EE920BA18B88}.Release|Any CPU.Build.0 = Release|Any CPU
		{19E1AD0A-1840-42AD-99A9-EE920BA18B88}.Release|x64.ActiveCfg = Release|Any CPU
		{19E1AD0A-1840-42AD-99A9-EE920BA18B88}.Release|x64.Build.0 = Release|Any CPU
		{19E1AD0A-1840-42AD-99A9-EE920BA18B88}.Release|x86.ActiveCfg = Release|Any CPU
		{19E1AD0A-1840-42AD-99A9-EE920BA18B88}.Release|x86.Build.0 = Release|Any CPU
		{5F2D9ABA-93CB-4B08-930D-D338A5DA5E47}.Debug|Any CPU.ActiveCfg = Debug|Any CPU
		{5F2D9ABA-93CB-4B08-930D-D338A5DA5E47}.Debug|Any CPU.Build.0 = Debug|Any CPU
		{5F2D9ABA-93CB-4B08-930D-D338A5DA5E47}.Debug|x64.ActiveCfg = Debug|Any CPU
		{5F2D9ABA-93CB-4B08-930D-D338A5DA5E47}.Debug|x64.Build.0 = Debug|Any CPU
		{5F2D9ABA-93CB-4B08-930D-D338A5DA5E47}.Debug|x86.ActiveCfg = Debug|Any CPU
		{5F2D9ABA-93CB-4B08-930D-D338A5DA5E47}.Debug|x86.Build.0 = Debug|Any CPU
		{5F2D9ABA-93CB-4B08-930D-D338A5DA5E47}.Release|Any CPU.ActiveCfg = Release|Any CPU
		{5F2D9ABA-93CB-4B08-930D-D338A5DA5E47}.Release|Any CPU.Build.0 = Release|Any CPU
		{5F2D9ABA-93CB-4B08-930D-D338A5DA5E47}.Release|x64.ActiveCfg = Release|Any CPU
		{5F2D9ABA-93CB-4B08-930D-D338A5DA5E47}.Release|x64.Build.0 = Release|Any CPU
		{5F2D9ABA-93CB-4B08-930D-D338A5DA5E47}.Release|x86.ActiveCfg = Release|Any CPU
		{5F2D9ABA-93CB-4B08-930D-D338A5DA5E47}.Release|x86.Build.0 = Release|Any CPU
		{EDE922A1-14FA-4266-886E-C56D21EFBA13}.Debug|Any CPU.ActiveCfg = Debug|Any CPU
		{EDE922A1-14FA-4266-886E-C56D21EFBA13}.Debug|Any CPU.Build.0 = Debug|Any CPU
		{EDE922A1-14FA-4266-886E-C56D21EFBA13}.Debug|x64.ActiveCfg = Debug|Any CPU
		{EDE922A1-14FA-4266-886E-C56D21EFBA13}.Debug|x64.Build.0 = Debug|Any CPU
		{EDE922A1-14FA-4266-886E-C56D21EFBA13}.Debug|x86.ActiveCfg = Debug|Any CPU
		{EDE922A1-14FA-4266-886E-C56D21EFBA13}.Debug|x86.Build.0 = Debug|Any CPU
		{EDE922A1-14FA-4266-886E-C56D21EFBA13}.Release|Any CPU.ActiveCfg = Release|Any CPU
		{EDE922A1-14FA-4266-886E-C56D21EFBA13}.Release|Any CPU.Build.0 = Release|Any CPU
		{EDE922A1-14FA-4266-886E-C56D21EFBA13}.Release|x64.ActiveCfg = Release|Any CPU
		{EDE922A1-14FA-4266-886E-C56D21EFBA13}.Release|x64.Build.0 = Release|Any CPU
		{EDE922A1-14FA-4266-886E-C56D21EFBA13}.Release|x86.ActiveCfg = Release|Any CPU
		{EDE922A1-14FA-4266-886E-C56D21EFBA13}.Release|x86.Build.0 = Release|Any CPU
		{4918F87C-A5B9-47F3-8543-871F93D7D632}.Debug|Any CPU.ActiveCfg = Debug|Any CPU
		{4918F87C-A5B9-47F3-8543-871F93D7D632}.Debug|Any CPU.Build.0 = Debug|Any CPU
		{4918F87C-A5B9-47F3-8543-871F93D7D632}.Debug|x64.ActiveCfg = Debug|Any CPU
		{4918F87C-A5B9-47F3-8543-871F93D7D632}.Debug|x64.Build.0 = Debug|Any CPU
		{4918F87C-A5B9-47F3-8543-871F93D7D632}.Debug|x86.ActiveCfg = Debug|Any CPU
		{4918F87C-A5B9-47F3-8543-871F93D7D632}.Debug|x86.Build.0 = Debug|Any CPU
		{4918F87C-A5B9-47F3-8543-871F93D7D632}.Release|Any CPU.ActiveCfg = Release|Any CPU
		{4918F87C-A5B9-47F3-8543-871F93D7D632}.Release|Any CPU.Build.0 = Release|Any CPU
		{4918F87C-A5B9-47F3-8543-871F93D7D632}.Release|x64.ActiveCfg = Release|Any CPU
		{4918F87C-A5B9-47F3-8543-871F93D7D632}.Release|x64.Build.0 = Release|Any CPU
		{4918F87C-A5B9-47F3-8543-871F93D7D632}.Release|x86.ActiveCfg = Release|Any CPU
		{4918F87C-A5B9-47F3-8543-871F93D7D632}.Release|x86.Build.0 = Release|Any CPU
		{6EECC4FA-95FD-435C-84FC-DF17251D717C}.Debug|Any CPU.ActiveCfg = Debug|Any CPU
		{6EECC4FA-95FD-435C-84FC-DF17251D717C}.Debug|Any CPU.Build.0 = Debug|Any CPU
		{6EECC4FA-95FD-435C-84FC-DF17251D717C}.Debug|x64.ActiveCfg = Debug|Any CPU
		{6EECC4FA-95FD-435C-84FC-DF17251D717C}.Debug|x64.Build.0 = Debug|Any CPU
		{6EECC4FA-95FD-435C-84FC-DF17251D717C}.Debug|x86.ActiveCfg = Debug|Any CPU
		{6EECC4FA-95FD-435C-84FC-DF17251D717C}.Debug|x86.Build.0 = Debug|Any CPU
		{6EECC4FA-95FD-435C-84FC-DF17251D717C}.Release|Any CPU.ActiveCfg = Release|Any CPU
		{6EECC4FA-95FD-435C-84FC-DF17251D717C}.Release|Any CPU.Build.0 = Release|Any CPU
		{6EECC4FA-95FD-435C-84FC-DF17251D717C}.Release|x64.ActiveCfg = Release|Any CPU
		{6EECC4FA-95FD-435C-84FC-DF17251D717C}.Release|x64.Build.0 = Release|Any CPU
		{6EECC4FA-95FD-435C-84FC-DF17251D717C}.Release|x86.ActiveCfg = Release|Any CPU
		{6EECC4FA-95FD-435C-84FC-DF17251D717C}.Release|x86.Build.0 = Release|Any CPU
		{9EABC667-3D32-4DE8-80FA-ED1F094B413D}.Debug|Any CPU.ActiveCfg = Debug|Any CPU
		{9EABC667-3D32-4DE8-80FA-ED1F094B413D}.Debug|Any CPU.Build.0 = Debug|Any CPU
		{9EABC667-3D32-4DE8-80FA-ED1F094B413D}.Debug|x64.ActiveCfg = Debug|Any CPU
		{9EABC667-3D32-4DE8-80FA-ED1F094B413D}.Debug|x64.Build.0 = Debug|Any CPU
		{9EABC667-3D32-4DE8-80FA-ED1F094B413D}.Debug|x86.ActiveCfg = Debug|Any CPU
		{9EABC667-3D32-4DE8-80FA-ED1F094B413D}.Debug|x86.Build.0 = Debug|Any CPU
		{9EABC667-3D32-4DE8-80FA-ED1F094B413D}.Release|Any CPU.ActiveCfg = Release|Any CPU
		{9EABC667-3D32-4DE8-80FA-ED1F094B413D}.Release|Any CPU.Build.0 = Release|Any CPU
		{9EABC667-3D32-4DE8-80FA-ED1F094B413D}.Release|x64.ActiveCfg = Release|Any CPU
		{9EABC667-3D32-4DE8-80FA-ED1F094B413D}.Release|x64.Build.0 = Release|Any CPU
		{9EABC667-3D32-4DE8-80FA-ED1F094B413D}.Release|x86.ActiveCfg = Release|Any CPU
		{9EABC667-3D32-4DE8-80FA-ED1F094B413D}.Release|x86.Build.0 = Release|Any CPU
	EndGlobalSection
	GlobalSection(NestedProjects) = preSolution
		{0963B434-4266-4337-A3B9-0FA78CECDD66} = {956F79F9-E3EA-4896-9465-D0A066810939}
		{203C0F0F-D20E-44A5-A90E-B0A46EB2C27F} = {750A408B-D4A3-45F8-8D6D-C172679EFF32}
		{55E03A2F-3731-4523-A32C-CD9B1982E7A0} = {750A408B-D4A3-45F8-8D6D-C172679EFF32}
		{6F5F0BAF-21B7-4654-BEFC-287844026066} = {750A408B-D4A3-45F8-8D6D-C172679EFF32}
		{1E7B4B12-FD7C-496A-B904-B61A3F4A4A22} = {956F79F9-E3EA-4896-9465-D0A066810939}
		{236BA177-0897-40D8-BE31-21BEF53E0A7D} = {750A408B-D4A3-45F8-8D6D-C172679EFF32}
		{F786632F-BB3C-486A-ACB0-1B0CEFF795CC} = {DF283B8B-9DB2-4182-ADEB-0991777FCF89}
		{C11A0891-36A8-4F6B-93B7-95755EEB10DE} = {DF283B8B-9DB2-4182-ADEB-0991777FCF89}
		{9521FA14-3D1B-413E-848C-313F6C9E173F} = {750A408B-D4A3-45F8-8D6D-C172679EFF32}
		{54057E44-306F-4383-95FB-1E954EEA61DA} = {750A408B-D4A3-45F8-8D6D-C172679EFF32}
		{07805CDF-DFF2-4479-B876-B2453B76C032} = {956F79F9-E3EA-4896-9465-D0A066810939}
		{BD11CA3C-3542-435F-8389-6BE2A3C9425D} = {956F79F9-E3EA-4896-9465-D0A066810939}
		{6680C725-8DA0-446B-B3D2-6BA9B726FE0F} = {956F79F9-E3EA-4896-9465-D0A066810939}
		{A4BB674B-40EE-4296-BE94-C08B665B0C79} = {956F79F9-E3EA-4896-9465-D0A066810939}
		{0180C414-23FF-4434-A3E5-859598F99F7E} = {750A408B-D4A3-45F8-8D6D-C172679EFF32}
		{FD916340-D613-47BD-BCE4-E95C15F52EF0} = {6680C725-8DA0-446B-B3D2-6BA9B726FE0F}
		{90C7A50F-A5CD-419B-A0E3-0B70EAF6E179} = {6680C725-8DA0-446B-B3D2-6BA9B726FE0F}
		{1BB01764-8853-44AE-879B-B2951780AB62} = {956F79F9-E3EA-4896-9465-D0A066810939}
		{495BFB23-F0C2-400D-ABBC-E87C952C8656} = {1BB01764-8853-44AE-879B-B2951780AB62}
		{19E1AD0A-1840-42AD-99A9-EE920BA18B88} = {956F79F9-E3EA-4896-9465-D0A066810939}
		{5F2D9ABA-93CB-4B08-930D-D338A5DA5E47} = {1BB01764-8853-44AE-879B-B2951780AB62}
		{EDE922A1-14FA-4266-886E-C56D21EFBA13} = {750A408B-D4A3-45F8-8D6D-C172679EFF32}
		{4918F87C-A5B9-47F3-8543-871F93D7D632} = {1BB01764-8853-44AE-879B-B2951780AB62}
		{6EECC4FA-95FD-435C-84FC-DF17251D717C} = {956F79F9-E3EA-4896-9465-D0A066810939}
		{A6DDA26F-60A3-482F-8780-ADFD5D3D9E8B} = {6680C725-8DA0-446B-B3D2-6BA9B726FE0F}
		{9F93F866-799D-45BC-A3BE-4300E156EE7A} = {A6DDA26F-60A3-482F-8780-ADFD5D3D9E8B}
		{5361CF99-7CB7-46F7-A1CD-D21F7E0D0791} = {A6DDA26F-60A3-482F-8780-ADFD5D3D9E8B}
		{9EABC667-3D32-4DE8-80FA-ED1F094B413D} = {A6DDA26F-60A3-482F-8780-ADFD5D3D9E8B}
	EndGlobalSection
EndGlobal
